
Microsoft Visual Studio Solution File, Format Version 12.00
# Visual Studio 15
Project("{FAE04EC0-301F-11D3-BF4B-00C04F79EFBC}") = "Unity.Timeline", "Unity.Timeline.csproj", "{F5C18C14-B4B5-EAD4-27BC-573123D524CA}"
EndProject
Project("{FAE04EC0-301F-11D3-BF4B-00C04F79EFBC}") = "Assembly-CSharp", "Assembly-CSharp.csproj", "{44AF28E9-8FCD-987C-CFAD-925D6222FD00}"
EndProject
Project("{FAE04EC0-301F-11D3-BF4B-00C04F79EFBC}") = "Unity.TerrainTools.Editor", "Unity.TerrainTools.Editor.csproj", "{F84A0DD3-05E5-F246-F8A6-8B7A84262E61}"
EndProject
Project("{FAE04EC0-301F-11D3-BF4B-00C04F79EFBC}") = "Unity.ShaderGraph.Editor", "Unity.ShaderGraph.Editor.csproj", "{3FD44B9B-FB6B-A69F-87C2-075618986C13}"
EndProject
Project("{FAE04EC0-301F-11D3-BF4B-00C04F79EFBC}") = "Unity.VisualScripting.Flow", "Unity.VisualScripting.Flow.csproj", "{B9B88F17-7B0D-8D44-8C3D-C40822FF4F6F}"
EndProject
Project("{FAE04EC0-301F-11D3-BF4B-00C04F79EFBC}") = "Unity.RenderPipelines.Universal.Runtime", "Unity.RenderPipelines.Universal.Runtime.csproj", "{54DD3390-8AA2-A014-AC4D-14515E5B0CF2}"
EndProject
Project("{FAE04EC0-301F-11D3-BF4B-00C04F79EFBC}") = "Unity.ProBuilder", "Unity.ProBuilder.csproj", "{5CFBF47C-0340-6D38-03CB-083ECE3A32D2}"
EndProject
Project("{FAE04EC0-301F-11D3-BF4B-00C04F79EFBC}") = "UnityEditor.UI", "UnityEditor.UI.csproj", "{2D5966E9-375B-21FA-41E7-ABFFE3CDDD37}"
EndProject
Project("{FAE04EC0-301F-11D3-BF4B-00C04F79EFBC}") = "Unity.Timeline.Editor", "Unity.Timeline.Editor.csproj", "{3A4022C4-5E11-BB82-D9B1-53E3B97EB314}"
EndProject
Project("{FAE04EC0-301F-11D3-BF4B-00C04F79EFBC}") = "Unity.PlasticSCM.Editor", "Unity.PlasticSCM.Editor.csproj", "{1882D18D-C5F8-E0FE-39F5-5C7E00ED44D5}"
EndProject
Project("{FAE04EC0-301F-11D3-BF4B-00C04F79EFBC}") = "Unity.RenderPipelines.Core.Runtime", "Unity.RenderPipelines.Core.Runtime.csproj", "{6386BA43-2C0B-24A7-F7FC-7FF34EE49BAF}"
EndProject
Project("{FAE04EC0-301F-11D3-BF4B-00C04F79EFBC}") = "Unity.Mathematics", "Unity.Mathematics.csproj", "{652BD870-61DC-59D5-AD05-0DF1E408BD52}"
EndProject
Project("{FAE04EC0-301F-11D3-BF4B-00C04F79EFBC}") = "Unity.RenderPipelines.Core.Editor", "Unity.RenderPipelines.Core.Editor.csproj", "{4015A451-D708-E1C7-366E-C23DA4734D99}"
EndProject
Project("{FAE04EC0-301F-11D3-BF4B-00C04F79EFBC}") = "Unity.ProBuilder.Editor", "Unity.ProBuilder.Editor.csproj", "{F83C42EC-12E1-BDAF-8AC0-2957FC111D36}"
EndProject
Project("{FAE04EC0-301F-11D3-BF4B-00C04F79EFBC}") = "Unity.VisualScripting.Core.Editor", "Unity.VisualScripting.Core.Editor.csproj", "{9A292269-DE22-C561-FAC1-6C6017580EFF}"
EndProject
Project("{FAE04EC0-301F-11D3-BF4B-00C04F79EFBC}") = "UnityEditor.TestRunner", "UnityEditor.TestRunner.csproj", "{A80BB303-B2AE-4DFB-11A4-F9BD83E7B14F}"
EndProject
Project("{FAE04EC0-301F-11D3-BF4B-00C04F79EFBC}") = "Unity.ProBuilder.Poly2Tri", "Unity.ProBuilder.Poly2Tri.csproj", "{D0CCE439-B1E3-B0AC-AED1-BBBE6F96A977}"
EndProject
Project("{FAE04EC0-301F-11D3-BF4B-00C04F79EFBC}") = "Unity.RenderPipelines.Universal.Editor", "Unity.RenderPipelines.Universal.Editor.csproj", "{EC255919-FE6D-C1AF-FDF0-9A26CDECDE58}"
EndProject
Project("{FAE04EC0-301F-11D3-BF4B-00C04F79EFBC}") = "Unity.TextMeshPro.Editor", "Unity.TextMeshPro.Editor.csproj", "{E07EF65E-E79E-D1A2-939C-F637B2283ACC}"
EndProject
Project("{FAE04EC0-301F-11D3-BF4B-00C04F79EFBC}") = "Unity.VisualScripting.Flow.Editor", "Unity.VisualScripting.Flow.Editor.csproj", "{BB6F234A-E75F-256E-7E43-DD2C968A4AEF}"
EndProject
Project("{FAE04EC0-301F-11D3-BF4B-00C04F79EFBC}") = "UnityEngine.TestRunner", "UnityEngine.TestRunner.csproj", "{4E97DBDA-0222-0351-938A-8A42DFB88639}"
EndProject
Project("{FAE04EC0-301F-11D3-BF4B-00C04F79EFBC}") = "Unity.VisualScripting.Core", "Unity.VisualScripting.Core.csproj", "{11FD76EC-530B-FF95-929F-0B8BE9F7D1E7}"
EndProject
Project("{FAE04EC0-301F-11D3-BF4B-00C04F79EFBC}") = "Unity.Searcher.Editor", "Unity.Searcher.Editor.csproj", "{D7E6F553-9D8F-D8DB-3A6C-44D853FA093B}"
EndProject
Project("{FAE04EC0-301F-11D3-BF4B-00C04F79EFBC}") = "Unity.Burst", "Unity.Burst.csproj", "{B6AA055D-B23E-E538-1A62-2C279AA2ACAB}"
EndProject
Project("{FAE04EC0-301F-11D3-BF4B-00C04F79EFBC}") = "Unity.ProBuilder.Csg", "Unity.ProBuilder.Csg.csproj", "{0F1697B6-C73C-7850-EF38-DD8FF5AF011E}"
EndProject
Project("{FAE04EC0-301F-11D3-BF4B-00C04F79EFBC}") = "Unity.AI.Navigation.Editor", "Unity.AI.Navigation.Editor.csproj", "{AE49604B-CBBD-020A-72F3-61FD0FB9B084}"
EndProject
Project("{FAE04EC0-301F-11D3-BF4B-00C04F79EFBC}") = "Unity.VisualStudio.Editor", "Unity.VisualStudio.Editor.csproj", "{F9F16397-3DA5-DED9-C9DC-D7CF13F834A3}"
EndProject
Project("{FAE04EC0-301F-11D3-BF4B-00C04F79EFBC}") = "PPv2URPConverters", "PPv2URPConverters.csproj", "{1F72EBB0-1459-17E3-25B0-7AABA475C16B}"
EndProject
Project("{FAE04EC0-301F-11D3-BF4B-00C04F79EFBC}") = "Unity.TestTools.CodeCoverage.Editor.OpenCover.Model", "Unity.TestTools.CodeCoverage.Editor.OpenCover.Model.csproj", "{4C43B134-0D58-4BDC-BEE5-2B4B83DEEF83}"
EndProject
Project("{FAE04EC0-301F-11D3-BF4B-00C04F79EFBC}") = "Unity.Rider.Editor", "Unity.Rider.Editor.csproj", "{B509F3DF-DCAD-31D6-4B37-6423A77288D8}"
EndProject
Project("{FAE04EC0-301F-11D3-BF4B-00C04F79EFBC}") = "Unity.AI.Navigation.Editor.ConversionSystem", "Unity.AI.Navigation.Editor.ConversionSystem.csproj", "{6C2773C4-7FB3-F5E1-E698-24509B72424F}"
EndProject
Project("{FAE04EC0-301F-11D3-BF4B-00C04F79EFBC}") = "Unity.VisualScripting.State.Editor", "Unity.VisualScripting.State.Editor.csproj", "{EAD5A7E2-A5BA-1C46-A940-4A6A621E40E0}"
EndProject
Project("{FAE04EC0-301F-11D3-BF4B-00C04F79EFBC}") = "UnityEngine.UI", "UnityEngine.UI.csproj", "{E13B83F1-5E10-BFC0-A03C-8DABF10E1AB4}"
EndProject
Project("{FAE04EC0-301F-11D3-BF4B-00C04F79EFBC}") = "Unity.TestTools.CodeCoverage.Editor", "Unity.TestTools.CodeCoverage.Editor.csproj", "{3AD34116-3FEB-2505-8B8B-A539BF325A83}"
EndProject
Project("{FAE04EC0-301F-11D3-BF4B-00C04F79EFBC}") = "Unity.Burst.CodeGen", "Unity.Burst.CodeGen.csproj", "{13355E1E-CA08-BA38-E39C-31C6590B3B7C}"
EndProject
Project("{FAE04EC0-301F-11D3-BF4B-00C04F79EFBC}") = "Unity.Postprocessing.Runtime", "Unity.Postprocessing.Runtime.csproj", "{95B94729-EE08-75C4-A36A-A331C723E699}"
EndProject
Project("{FAE04EC0-301F-11D3-BF4B-00C04F79EFBC}") = "Unity.RenderPipeline.Universal.ShaderLibrary", "Unity.RenderPipeline.Universal.ShaderLibrary.csproj", "{392F9343-0E45-DE63-F2AF-8CA0C0C9EC0A}"
EndProject
Project("{FAE04EC0-301F-11D3-BF4B-00C04F79EFBC}") = "Unity.Postprocessing.Editor", "Unity.Postprocessing.Editor.csproj", "{C4FC0F87-A716-DCA3-00C1-45FC516E4BAC}"
EndProject
Project("{FAE04EC0-301F-11D3-BF4B-00C04F79EFBC}") = "Unity.AI.Navigation", "Unity.AI.Navigation.csproj", "{B9DA2610-D257-15CB-6B16-E1C7CDCCABC5}"
EndProject
Project("{FAE04EC0-301F-11D3-BF4B-00C04F79EFBC}") = "Unity.VisualScripting.State", "Unity.VisualScripting.State.csproj", "{C4E128FC-5A89-82B8-81AE-D78B20ADBC2B}"
EndProject
Project("{FAE04EC0-301F-11D3-BF4B-00C04F79EFBC}") = "Unity.TextMeshPro", "Unity.TextMeshPro.csproj", "{342D7E0A-0B79-E6B8-21FB-F873A6357645}"
EndProject
Project("{FAE04EC0-301F-11D3-BF4B-00C04F79EFBC}") = "Unity.Performance.Profile-Analyzer.Editor", "Unity.Performance.Profile-Analyzer.Editor.csproj", "{CA79C019-8739-D92C-1782-86ADA54CBEF5}"
EndProject
Project("{FAE04EC0-301F-11D3-BF4B-00C04F79EFBC}") = "Unity.VisualScripting.SettingsProvider.Editor", "Unity.VisualScripting.SettingsProvider.Editor.csproj", "{FBE05CB5-1B2C-0FC9-A5FB-AE8CB933C92B}"
EndProject
Project("{FAE04EC0-301F-11D3-BF4B-00C04F79EFBC}") = "Unity.VSCode.Editor", "Unity.VSCode.Editor.csproj", "{C24D7B7D-F94F-F31F-8534-D49166529C47}"
EndProject
Project("{FAE04EC0-301F-11D3-BF4B-00C04F79EFBC}") = "Unity.Burst.Editor", "Unity.Burst.Editor.csproj", "{A5FD4E8A-D94A-2491-1A9A-649318B6F55B}"
EndProject
Project("{FAE04EC0-301F-11D3-BF4B-00C04F79EFBC}") = "Unity.TestTools.CodeCoverage.Editor.OpenCover.Mono.Reflection", "Unity.TestTools.CodeCoverage.Editor.OpenCover.Mono.Reflection.csproj", "{49B23F1D-A6F0-D447-D76F-B184FA347A0B}"
EndProject
Project("{FAE04EC0-301F-11D3-BF4B-00C04F79EFBC}") = "Unity.AI.Navigation.Updater", "Unity.AI.Navigation.Updater.csproj", "{0F7C5569-28E0-95F5-650D-D91625B83FEA}"
EndProject
Project("{FAE04EC0-301F-11D3-BF4B-00C04F79EFBC}") = "Unity.ProBuilder.Stl", "Unity.ProBuilder.Stl.csproj", "{40B12AAC-124C-4FC3-D51F-6B2D8A3976EF}"
EndProject
Project("{FAE04EC0-301F-11D3-BF4B-00C04F79EFBC}") = "Unity.Settings.Editor", "Unity.Settings.Editor.csproj", "{1EB8626A-1066-F805-AEF5-06EB594B0CFB}"
EndProject
Project("{FAE04EC0-301F-11D3-BF4B-00C04F79EFBC}") = "Unity.ProBuilder.KdTree", "Unity.ProBuilder.KdTree.csproj", "{B23B4533-0A8E-5CEA-24D0-80AFDDD568C0}"
EndProject
Project("{FAE04EC0-301F-11D3-BF4B-00C04F79EFBC}") = "Unity.ProBuilder.AddOns.Editor", "Unity.ProBuilder.AddOns.Editor.csproj", "{828F5B7B-382B-59EB-0B19-2AA86B1F5E27}"
EndProject
Project("{FAE04EC0-301F-11D3-BF4B-00C04F79EFBC}") = "Unity.Mathematics.Editor", "Unity.Mathematics.Editor.csproj", "{F4E915D1-7257-39C2-D7AC-092E39038FD8}"
EndProject
Project("{FAE04EC0-301F-11D3-BF4B-00C04F79EFBC}") = "Unity.ProBuilder.AssetIdRemapUtility", "Unity.ProBuilder.AssetIdRemapUtility.csproj", "{ABFF762D-4712-EB05-2B10-41805A3466E7}"
EndProject
Project("{FAE04EC0-301F-11D3-BF4B-00C04F79EFBC}") = "Unity.ShaderGraph.Utilities", "Unity.ShaderGraph.Utilities.csproj", "{DD7E65E5-BC0C-4E4C-C752-BC078E7CD853}"
EndProject
Project("{FAE04EC0-301F-11D3-BF4B-00C04F79EFBC}") = "Unity.VisualScripting.Shared.Editor", "Unity.VisualScripting.Shared.Editor.csproj", "{298F305C-873D-F083-2F39-A8E6E2DD9318}"
EndProject
Project("{FAE04EC0-301F-11D3-BF4B-00C04F79EFBC}") = "Unity.EditorCoroutines.Editor", "Unity.EditorCoroutines.Editor.csproj", "{6842795C-C5EC-D9D9-71E8-6ACE9B70C90D}"
EndProject
Project("{FAE04EC0-301F-11D3-BF4B-00C04F79EFBC}") = "Unity.TerrainTools", "Unity.TerrainTools.csproj", "{E493C0C6-3AEF-07F5-693F-510309DDFEB0}"
EndProject
Project("{FAE04EC0-301F-11D3-BF4B-00C04F79EFBC}") = "Assembly-CSharp-Editor", "Assembly-CSharp-Editor.csproj", "{7E27861B-A4DF-E470-B014-6F28D1AF89F9}"
EndProject
Project("{FAE04EC0-301F-11D3-BF4B-00C04F79EFBC}") = "Unity.CollabProxy.Editor", "Unity.CollabProxy.Editor.csproj", "{1A4C0864-DAEA-0A73-A763-86AB1A5E8A2C}"
EndProject
Project("{FAE04EC0-301F-11D3-BF4B-00C04F79EFBC}") = "Unity.RenderPipelines.ShaderGraph.ShaderGraphLibrary", "Unity.RenderPipelines.ShaderGraph.ShaderGraphLibrary.csproj", "{228EBBD4-775F-648F-5650-81F68E84B598}"
EndProject
Project("{FAE04EC0-301F-11D3-BF4B-00C04F79EFBC}") = "Unity.RenderPipelines.Core.ShaderLibrary", "Unity.RenderPipelines.Core.ShaderLibrary.csproj", "{C9BA6757-40D1-0350-505E-58626F3F5DFC}"
EndProject
Project("{FAE04EC0-301F-11D3-BF4B-00C04F79EFBC}") = "Unity.RenderPipelines.Universal.Shaders", "Unity.RenderPipelines.Universal.Shaders.csproj", "{EAF09C3C-2FAE-8B66-266D-B67243CDBF19}"
EndProject
Global
	GlobalSection(SolutionConfigurationPlatforms) = preSolution
		Debug|Any CPU = Debug|Any CPU
		Release|Any CPU = Release|Any CPU
	EndGlobalSection
	GlobalSection(ProjectConfigurationPlatforms) = postSolution
		{F5C18C14-B4B5-EAD4-27BC-573123D524CA}.Debug|Any CPU.ActiveCfg = Debug|Any CPU
		{F5C18C14-B4B5-EAD4-27BC-573123D524CA}.Debug|Any CPU.Build.0 = Debug|Any CPU
		{F5C18C14-B4B5-EAD4-27BC-573123D524CA}.Release|Any CPU.ActiveCfg = Release|Any CPU
		{F5C18C14-B4B5-EAD4-27BC-573123D524CA}.Release|Any CPU.Build.0 = Release|Any CPU
		{44AF28E9-8FCD-987C-CFAD-925D6222FD00}.Debug|Any CPU.ActiveCfg = Debug|Any CPU
		{44AF28E9-8FCD-987C-CFAD-925D6222FD00}.Debug|Any CPU.Build.0 = Debug|Any CPU
		{44AF28E9-8FCD-987C-CFAD-925D6222FD00}.Release|Any CPU.ActiveCfg = Release|Any CPU
		{44AF28E9-8FCD-987C-CFAD-925D6222FD00}.Release|Any CPU.Build.0 = Release|Any CPU
		{F84A0DD3-05E5-F246-F8A6-8B7A84262E61}.Debug|Any CPU.ActiveCfg = Debug|Any CPU
		{F84A0DD3-05E5-F246-F8A6-8B7A84262E61}.Debug|Any CPU.Build.0 = Debug|Any CPU
		{F84A0DD3-05E5-F246-F8A6-8B7A84262E61}.Release|Any CPU.ActiveCfg = Release|Any CPU
		{F84A0DD3-05E5-F246-F8A6-8B7A84262E61}.Release|Any CPU.Build.0 = Release|Any CPU
		{3FD44B9B-FB6B-A69F-87C2-075618986C13}.Debug|Any CPU.ActiveCfg = Debug|Any CPU
		{3FD44B9B-FB6B-A69F-87C2-075618986C13}.Debug|Any CPU.Build.0 = Debug|Any CPU
		{3FD44B9B-FB6B-A69F-87C2-075618986C13}.Release|Any CPU.ActiveCfg = Release|Any CPU
		{3FD44B9B-FB6B-A69F-87C2-075618986C13}.Release|Any CPU.Build.0 = Release|Any CPU
		{B9B88F17-7B0D-8D44-8C3D-C40822FF4F6F}.Debug|Any CPU.ActiveCfg = Debug|Any CPU
		{B9B88F17-7B0D-8D44-8C3D-C40822FF4F6F}.Debug|Any CPU.Build.0 = Debug|Any CPU
		{B9B88F17-7B0D-8D44-8C3D-C40822FF4F6F}.Release|Any CPU.ActiveCfg = Release|Any CPU
		{B9B88F17-7B0D-8D44-8C3D-C40822FF4F6F}.Release|Any CPU.Build.0 = Release|Any CPU
		{54DD3390-8AA2-A014-AC4D-14515E5B0CF2}.Debug|Any CPU.ActiveCfg = Debug|Any CPU
		{54DD3390-8AA2-A014-AC4D-14515E5B0CF2}.Debug|Any CPU.Build.0 = Debug|Any CPU
		{54DD3390-8AA2-A014-AC4D-14515E5B0CF2}.Release|Any CPU.ActiveCfg = Release|Any CPU
		{54DD3390-8AA2-A014-AC4D-14515E5B0CF2}.Release|Any CPU.Build.0 = Release|Any CPU
		{5CFBF47C-0340-6D38-03CB-083ECE3A32D2}.Debug|Any CPU.ActiveCfg = Debug|Any CPU
		{5CFBF47C-0340-6D38-03CB-083ECE3A32D2}.Debug|Any CPU.Build.0 = Debug|Any CPU
		{5CFBF47C-0340-6D38-03CB-083ECE3A32D2}.Release|Any CPU.ActiveCfg = Release|Any CPU
		{5CFBF47C-0340-6D38-03CB-083ECE3A32D2}.Release|Any CPU.Build.0 = Release|Any CPU
		{2D5966E9-375B-21FA-41E7-ABFFE3CDDD37}.Debug|Any CPU.ActiveCfg = Debug|Any CPU
		{2D5966E9-375B-21FA-41E7-ABFFE3CDDD37}.Debug|Any CPU.Build.0 = Debug|Any CPU
		{2D5966E9-375B-21FA-41E7-ABFFE3CDDD37}.Release|Any CPU.ActiveCfg = Release|Any CPU
		{2D5966E9-375B-21FA-41E7-ABFFE3CDDD37}.Release|Any CPU.Build.0 = Release|Any CPU
		{3A4022C4-5E11-BB82-D9B1-53E3B97EB314}.Debug|Any CPU.ActiveCfg = Debug|Any CPU
		{3A4022C4-5E11-BB82-D9B1-53E3B97EB314}.Debug|Any CPU.Build.0 = Debug|Any CPU
		{3A4022C4-5E11-BB82-D9B1-53E3B97EB314}.Release|Any CPU.ActiveCfg = Release|Any CPU
		{3A4022C4-5E11-BB82-D9B1-53E3B97EB314}.Release|Any CPU.Build.0 = Release|Any CPU
		{1882D18D-C5F8-E0FE-39F5-5C7E00ED44D5}.Debug|Any CPU.ActiveCfg = Debug|Any CPU
		{1882D18D-C5F8-E0FE-39F5-5C7E00ED44D5}.Debug|Any CPU.Build.0 = Debug|Any CPU
		{1882D18D-C5F8-E0FE-39F5-5C7E00ED44D5}.Release|Any CPU.ActiveCfg = Release|Any CPU
		{1882D18D-C5F8-E0FE-39F5-5C7E00ED44D5}.Release|Any CPU.Build.0 = Release|Any CPU
		{6386BA43-2C0B-24A7-F7FC-7FF34EE49BAF}.Debug|Any CPU.ActiveCfg = Debug|Any CPU
		{6386BA43-2C0B-24A7-F7FC-7FF34EE49BAF}.Debug|Any CPU.Build.0 = Debug|Any CPU
		{6386BA43-2C0B-24A7-F7FC-7FF34EE49BAF}.Release|Any CPU.ActiveCfg = Release|Any CPU
		{6386BA43-2C0B-24A7-F7FC-7FF34EE49BAF}.Release|Any CPU.Build.0 = Release|Any CPU
		{652BD870-61DC-59D5-AD05-0DF1E408BD52}.Debug|Any CPU.ActiveCfg = Debug|Any CPU
		{652BD870-61DC-59D5-AD05-0DF1E408BD52}.Debug|Any CPU.Build.0 = Debug|Any CPU
		{652BD870-61DC-59D5-AD05-0DF1E408BD52}.Release|Any CPU.ActiveCfg = Release|Any CPU
		{652BD870-61DC-59D5-AD05-0DF1E408BD52}.Release|Any CPU.Build.0 = Release|Any CPU
		{4015A451-D708-E1C7-366E-C23DA4734D99}.Debug|Any CPU.ActiveCfg = Debug|Any CPU
		{4015A451-D708-E1C7-366E-C23DA4734D99}.Debug|Any CPU.Build.0 = Debug|Any CPU
		{4015A451-D708-E1C7-366E-C23DA4734D99}.Release|Any CPU.ActiveCfg = Release|Any CPU
		{4015A451-D708-E1C7-366E-C23DA4734D99}.Release|Any CPU.Build.0 = Release|Any CPU
		{F83C42EC-12E1-BDAF-8AC0-2957FC111D36}.Debug|Any CPU.ActiveCfg = Debug|Any CPU
		{F83C42EC-12E1-BDAF-8AC0-2957FC111D36}.Debug|Any CPU.Build.0 = Debug|Any CPU
		{F83C42EC-12E1-BDAF-8AC0-2957FC111D36}.Release|Any CPU.ActiveCfg = Release|Any CPU
		{F83C42EC-12E1-BDAF-8AC0-2957FC111D36}.Release|Any CPU.Build.0 = Release|Any CPU
		{9A292269-DE22-C561-FAC1-6C6017580EFF}.Debug|Any CPU.ActiveCfg = Debug|Any CPU
		{9A292269-DE22-C561-FAC1-6C6017580EFF}.Debug|Any CPU.Build.0 = Debug|Any CPU
		{9A292269-DE22-C561-FAC1-6C6017580EFF}.Release|Any CPU.ActiveCfg = Release|Any CPU
		{9A292269-DE22-C561-FAC1-6C6017580EFF}.Release|Any CPU.Build.0 = Release|Any CPU
		{A80BB303-B2AE-4DFB-11A4-F9BD83E7B14F}.Debug|Any CPU.ActiveCfg = Debug|Any CPU
		{A80BB303-B2AE-4DFB-11A4-F9BD83E7B14F}.Debug|Any CPU.Build.0 = Debug|Any CPU
		{A80BB303-B2AE-4DFB-11A4-F9BD83E7B14F}.Release|Any CPU.ActiveCfg = Release|Any CPU
		{A80BB303-B2AE-4DFB-11A4-F9BD83E7B14F}.Release|Any CPU.Build.0 = Release|Any CPU
		{D0CCE439-B1E3-B0AC-AED1-BBBE6F96A977}.Debug|Any CPU.ActiveCfg = Debug|Any CPU
		{D0CCE439-B1E3-B0AC-AED1-BBBE6F96A977}.Debug|Any CPU.Build.0 = Debug|Any CPU
		{D0CCE439-B1E3-B0AC-AED1-BBBE6F96A977}.Release|Any CPU.ActiveCfg = Release|Any CPU
		{D0CCE439-B1E3-B0AC-AED1-BBBE6F96A977}.Release|Any CPU.Build.0 = Release|Any CPU
		{EC255919-FE6D-C1AF-FDF0-9A26CDECDE58}.Debug|Any CPU.ActiveCfg = Debug|Any CPU
		{EC255919-FE6D-C1AF-FDF0-9A26CDECDE58}.Debug|Any CPU.Build.0 = Debug|Any CPU
		{EC255919-FE6D-C1AF-FDF0-9A26CDECDE58}.Release|Any CPU.ActiveCfg = Release|Any CPU
		{EC255919-FE6D-C1AF-FDF0-9A26CDECDE58}.Release|Any CPU.Build.0 = Release|Any CPU
		{E07EF65E-E79E-D1A2-939C-F637B2283ACC}.Debug|Any CPU.ActiveCfg = Debug|Any CPU
		{E07EF65E-E79E-D1A2-939C-F637B2283ACC}.Debug|Any CPU.Build.0 = Debug|Any CPU
		{E07EF65E-E79E-D1A2-939C-F637B2283ACC}.Release|Any CPU.ActiveCfg = Release|Any CPU
		{E07EF65E-E79E-D1A2-939C-F637B2283ACC}.Release|Any CPU.Build.0 = Release|Any CPU
		{BB6F234A-E75F-256E-7E43-DD2C968A4AEF}.Debug|Any CPU.ActiveCfg = Debug|Any CPU
		{BB6F234A-E75F-256E-7E43-DD2C968A4AEF}.Debug|Any CPU.Build.0 = Debug|Any CPU
		{BB6F234A-E75F-256E-7E43-DD2C968A4AEF}.Release|Any CPU.ActiveCfg = Release|Any CPU
		{BB6F234A-E75F-256E-7E43-DD2C968A4AEF}.Release|Any CPU.Build.0 = Release|Any CPU
		{4E97DBDA-0222-0351-938A-8A42DFB88639}.Debug|Any CPU.ActiveCfg = Debug|Any CPU
		{4E97DBDA-0222-0351-938A-8A42DFB88639}.Debug|Any CPU.Build.0 = Debug|Any CPU
		{4E97DBDA-0222-0351-938A-8A42DFB88639}.Release|Any CPU.ActiveCfg = Release|Any CPU
		{4E97DBDA-0222-0351-938A-8A42DFB88639}.Release|Any CPU.Build.0 = Release|Any CPU
		{11FD76EC-530B-FF95-929F-0B8BE9F7D1E7}.Debug|Any CPU.ActiveCfg = Debug|Any CPU
		{11FD76EC-530B-FF95-929F-0B8BE9F7D1E7}.Debug|Any CPU.Build.0 = Debug|Any CPU
		{11FD76EC-530B-FF95-929F-0B8BE9F7D1E7}.Release|Any CPU.ActiveCfg = Release|Any CPU
		{11FD76EC-530B-FF95-929F-0B8BE9F7D1E7}.Release|Any CPU.Build.0 = Release|Any CPU
		{D7E6F553-9D8F-D8DB-3A6C-44D853FA093B}.Debug|Any CPU.ActiveCfg = Debug|Any CPU
		{D7E6F553-9D8F-D8DB-3A6C-44D853FA093B}.Debug|Any CPU.Build.0 = Debug|Any CPU
		{D7E6F553-9D8F-D8DB-3A6C-44D853FA093B}.Release|Any CPU.ActiveCfg = Release|Any CPU
		{D7E6F553-9D8F-D8DB-3A6C-44D853FA093B}.Release|Any CPU.Build.0 = Release|Any CPU
		{B6AA055D-B23E-E538-1A62-2C279AA2ACAB}.Debug|Any CPU.ActiveCfg = Debug|Any CPU
		{B6AA055D-B23E-E538-1A62-2C279AA2ACAB}.Debug|Any CPU.Build.0 = Debug|Any CPU
		{B6AA055D-B23E-E538-1A62-2C279AA2ACAB}.Release|Any CPU.ActiveCfg = Release|Any CPU
		{B6AA055D-B23E-E538-1A62-2C279AA2ACAB}.Release|Any CPU.Build.0 = Release|Any CPU
		{0F1697B6-C73C-7850-EF38-DD8FF5AF011E}.Debug|Any CPU.ActiveCfg = Debug|Any CPU
		{0F1697B6-C73C-7850-EF38-DD8FF5AF011E}.Debug|Any CPU.Build.0 = Debug|Any CPU
		{0F1697B6-C73C-7850-EF38-DD8FF5AF011E}.Release|Any CPU.ActiveCfg = Release|Any CPU
		{0F1697B6-C73C-7850-EF38-DD8FF5AF011E}.Release|Any CPU.Build.0 = Release|Any CPU
		{AE49604B-CBBD-020A-72F3-61FD0FB9B084}.Debug|Any CPU.ActiveCfg = Debug|Any CPU
		{AE49604B-CBBD-020A-72F3-61FD0FB9B084}.Debug|Any CPU.Build.0 = Debug|Any CPU
		{AE49604B-CBBD-020A-72F3-61FD0FB9B084}.Release|Any CPU.ActiveCfg = Release|Any CPU
		{AE49604B-CBBD-020A-72F3-61FD0FB9B084}.Release|Any CPU.Build.0 = Release|Any CPU
		{F9F16397-3DA5-DED9-C9DC-D7CF13F834A3}.Debug|Any CPU.ActiveCfg = Debug|Any CPU
		{F9F16397-3DA5-DED9-C9DC-D7CF13F834A3}.Debug|Any CPU.Build.0 = Debug|Any CPU
		{F9F16397-3DA5-DED9-C9DC-D7CF13F834A3}.Release|Any CPU.ActiveCfg = Release|Any CPU
		{F9F16397-3DA5-DED9-C9DC-D7CF13F834A3}.Release|Any CPU.Build.0 = Release|Any CPU
		{1F72EBB0-1459-17E3-25B0-7AABA475C16B}.Debug|Any CPU.ActiveCfg = Debug|Any CPU
		{1F72EBB0-1459-17E3-25B0-7AABA475C16B}.Debug|Any CPU.Build.0 = Debug|Any CPU
		{1F72EBB0-1459-17E3-25B0-7AABA475C16B}.Release|Any CPU.ActiveCfg = Release|Any CPU
		{1F72EBB0-1459-17E3-25B0-7AABA475C16B}.Release|Any CPU.Build.0 = Release|Any CPU
		{4C43B134-0D58-4BDC-BEE5-2B4B83DEEF83}.Debug|Any CPU.ActiveCfg = Debug|Any CPU
		{4C43B134-0D58-4BDC-BEE5-2B4B83DEEF83}.Debug|Any CPU.Build.0 = Debug|Any CPU
		{4C43B134-0D58-4BDC-BEE5-2B4B83DEEF83}.Release|Any CPU.ActiveCfg = Release|Any CPU
		{4C43B134-0D58-4BDC-BEE5-2B4B83DEEF83}.Release|Any CPU.Build.0 = Release|Any CPU
		{B509F3DF-DCAD-31D6-4B37-6423A77288D8}.Debug|Any CPU.ActiveCfg = Debug|Any CPU
		{B509F3DF-DCAD-31D6-4B37-6423A77288D8}.Debug|Any CPU.Build.0 = Debug|Any CPU
		{B509F3DF-DCAD-31D6-4B37-6423A77288D8}.Release|Any CPU.ActiveCfg = Release|Any CPU
		{B509F3DF-DCAD-31D6-4B37-6423A77288D8}.Release|Any CPU.Build.0 = Release|Any CPU
		{6C2773C4-7FB3-F5E1-E698-24509B72424F}.Debug|Any CPU.ActiveCfg = Debug|Any CPU
		{6C2773C4-7FB3-F5E1-E698-24509B72424F}.Debug|Any CPU.Build.0 = Debug|Any CPU
		{6C2773C4-7FB3-F5E1-E698-24509B72424F}.Release|Any CPU.ActiveCfg = Release|Any CPU
		{6C2773C4-7FB3-F5E1-E698-24509B72424F}.Release|Any CPU.Build.0 = Release|Any CPU
		{EAD5A7E2-A5BA-1C46-A940-4A6A621E40E0}.Debug|Any CPU.ActiveCfg = Debug|Any CPU
		{EAD5A7E2-A5BA-1C46-A940-4A6A621E40E0}.Debug|Any CPU.Build.0 = Debug|Any CPU
		{EAD5A7E2-A5BA-1C46-A940-4A6A621E40E0}.Release|Any CPU.ActiveCfg = Release|Any CPU
		{EAD5A7E2-A5BA-1C46-A940-4A6A621E40E0}.Release|Any CPU.Build.0 = Release|Any CPU
		{E13B83F1-5E10-BFC0-A03C-8DABF10E1AB4}.Debug|Any CPU.ActiveCfg = Debug|Any CPU
		{E13B83F1-5E10-BFC0-A03C-8DABF10E1AB4}.Debug|Any CPU.Build.0 = Debug|Any CPU
		{E13B83F1-5E10-BFC0-A03C-8DABF10E1AB4}.Release|Any CPU.ActiveCfg = Release|Any CPU
		{E13B83F1-5E10-BFC0-A03C-8DABF10E1AB4}.Release|Any CPU.Build.0 = Release|Any CPU
		{3AD34116-3FEB-2505-8B8B-A539BF325A83}.Debug|Any CPU.ActiveCfg = Debug|Any CPU
		{3AD34116-3FEB-2505-8B8B-A539BF325A83}.Debug|Any CPU.Build.0 = Debug|Any CPU
		{3AD34116-3FEB-2505-8B8B-A539BF325A83}.Release|Any CPU.ActiveCfg = Release|Any CPU
		{3AD34116-3FEB-2505-8B8B-A539BF325A83}.Release|Any CPU.Build.0 = Release|Any CPU
		{13355E1E-CA08-BA38-E39C-31C6590B3B7C}.Debug|Any CPU.ActiveCfg = Debug|Any CPU
		{13355E1E-CA08-BA38-E39C-31C6590B3B7C}.Debug|Any CPU.Build.0 = Debug|Any CPU
		{13355E1E-CA08-BA38-E39C-31C6590B3B7C}.Release|Any CPU.ActiveCfg = Release|Any CPU
		{13355E1E-CA08-BA38-E39C-31C6590B3B7C}.Release|Any CPU.Build.0 = Release|Any CPU
		{95B94729-EE08-75C4-A36A-A331C723E699}.Debug|Any CPU.ActiveCfg = Debug|Any CPU
		{95B94729-EE08-75C4-A36A-A331C723E699}.Debug|Any CPU.Build.0 = Debug|Any CPU
		{95B94729-EE08-75C4-A36A-A331C723E699}.Release|Any CPU.ActiveCfg = Release|Any CPU
		{95B94729-EE08-75C4-A36A-A331C723E699}.Release|Any CPU.Build.0 = Release|Any CPU
		{392F9343-0E45-DE63-F2AF-8CA0C0C9EC0A}.Debug|Any CPU.ActiveCfg = Debug|Any CPU
		{392F9343-0E45-DE63-F2AF-8CA0C0C9EC0A}.Debug|Any CPU.Build.0 = Debug|Any CPU
		{392F9343-0E45-DE63-F2AF-8CA0C0C9EC0A}.Release|Any CPU.ActiveCfg = Release|Any CPU
		{392F9343-0E45-DE63-F2AF-8CA0C0C9EC0A}.Release|Any CPU.Build.0 = Release|Any CPU
		{C4FC0F87-A716-DCA3-00C1-45FC516E4BAC}.Debug|Any CPU.ActiveCfg = Debug|Any CPU
		{C4FC0F87-A716-DCA3-00C1-45FC516E4BAC}.Debug|Any CPU.Build.0 = Debug|Any CPU
		{C4FC0F87-A716-DCA3-00C1-45FC516E4BAC}.Release|Any CPU.ActiveCfg = Release|Any CPU
		{C4FC0F87-A716-DCA3-00C1-45FC516E4BAC}.Release|Any CPU.Build.0 = Release|Any CPU
		{B9DA2610-D257-15CB-6B16-E1C7CDCCABC5}.Debug|Any CPU.ActiveCfg = Debug|Any CPU
		{B9DA2610-D257-15CB-6B16-E1C7CDCCABC5}.Debug|Any CPU.Build.0 = Debug|Any CPU
		{B9DA2610-D257-15CB-6B16-E1C7CDCCABC5}.Release|Any CPU.ActiveCfg = Release|Any CPU
		{B9DA2610-D257-15CB-6B16-E1C7CDCCABC5}.Release|Any CPU.Build.0 = Release|Any CPU
		{C4E128FC-5A89-82B8-81AE-D78B20ADBC2B}.Debug|Any CPU.ActiveCfg = Debug|Any CPU
		{C4E128FC-5A89-82B8-81AE-D78B20ADBC2B}.Debug|Any CPU.Build.0 = Debug|Any CPU
		{C4E128FC-5A89-82B8-81AE-D78B20ADBC2B}.Release|Any CPU.ActiveCfg = Release|Any CPU
		{C4E128FC-5A89-82B8-81AE-D78B20ADBC2B}.Release|Any CPU.Build.0 = Release|Any CPU
		{342D7E0A-0B79-E6B8-21FB-F873A6357645}.Debug|Any CPU.ActiveCfg = Debug|Any CPU
		{342D7E0A-0B79-E6B8-21FB-F873A6357645}.Debug|Any CPU.Build.0 = Debug|Any CPU
		{342D7E0A-0B79-E6B8-21FB-F873A6357645}.Release|Any CPU.ActiveCfg = Release|Any CPU
		{342D7E0A-0B79-E6B8-21FB-F873A6357645}.Release|Any CPU.Build.0 = Release|Any CPU
		{CA79C019-8739-D92C-1782-86ADA54CBEF5}.Debug|Any CPU.ActiveCfg = Debug|Any CPU
		{CA79C019-8739-D92C-1782-86ADA54CBEF5}.Debug|Any CPU.Build.0 = Debug|Any CPU
		{CA79C019-8739-D92C-1782-86ADA54CBEF5}.Release|Any CPU.ActiveCfg = Release|Any CPU
		{CA79C019-8739-D92C-1782-86ADA54CBEF5}.Release|Any CPU.Build.0 = Release|Any CPU
		{FBE05CB5-1B2C-0FC9-A5FB-AE8CB933C92B}.Debug|Any CPU.ActiveCfg = Debug|Any CPU
		{FBE05CB5-1B2C-0FC9-A5FB-AE8CB933C92B}.Debug|Any CPU.Build.0 = Debug|Any CPU
		{FBE05CB5-1B2C-0FC9-A5FB-AE8CB933C92B}.Release|Any CPU.ActiveCfg = Release|Any CPU
		{FBE05CB5-1B2C-0FC9-A5FB-AE8CB933C92B}.Release|Any CPU.Build.0 = Release|Any CPU
		{C24D7B7D-F94F-F31F-8534-D49166529C47}.Debug|Any CPU.ActiveCfg = Debug|Any CPU
		{C24D7B7D-F94F-F31F-8534-D49166529C47}.Debug|Any CPU.Build.0 = Debug|Any CPU
		{C24D7B7D-F94F-F31F-8534-D49166529C47}.Release|Any CPU.ActiveCfg = Release|Any CPU
		{C24D7B7D-F94F-F31F-8534-D49166529C47}.Release|Any CPU.Build.0 = Release|Any CPU
		{A5FD4E8A-D94A-2491-1A9A-649318B6F55B}.Debug|Any CPU.ActiveCfg = Debug|Any CPU
		{A5FD4E8A-D94A-2491-1A9A-649318B6F55B}.Debug|Any CPU.Build.0 = Debug|Any CPU
		{A5FD4E8A-D94A-2491-1A9A-649318B6F55B}.Release|Any CPU.ActiveCfg = Release|Any CPU
		{A5FD4E8A-D94A-2491-1A9A-649318B6F55B}.Release|Any CPU.Build.0 = Release|Any CPU
		{49B23F1D-A6F0-D447-D76F-B184FA347A0B}.Debug|Any CPU.ActiveCfg = Debug|Any CPU
		{49B23F1D-A6F0-D447-D76F-B184FA347A0B}.Debug|Any CPU.Build.0 = Debug|Any CPU
		{49B23F1D-A6F0-D447-D76F-B184FA347A0B}.Release|Any CPU.ActiveCfg = Release|Any CPU
		{49B23F1D-A6F0-D447-D76F-B184FA347A0B}.Release|Any CPU.Build.0 = Release|Any CPU
		{0F7C5569-28E0-95F5-650D-D91625B83FEA}.Debug|Any CPU.ActiveCfg = Debug|Any CPU
		{0F7C5569-28E0-95F5-650D-D91625B83FEA}.Debug|Any CPU.Build.0 = Debug|Any CPU
		{0F7C5569-28E0-95F5-650D-D91625B83FEA}.Release|Any CPU.ActiveCfg = Release|Any CPU
		{0F7C5569-28E0-95F5-650D-D91625B83FEA}.Release|Any CPU.Build.0 = Release|Any CPU
		{40B12AAC-124C-4FC3-D51F-6B2D8A3976EF}.Debug|Any CPU.ActiveCfg = Debug|Any CPU
		{40B12AAC-124C-4FC3-D51F-6B2D8A3976EF}.Debug|Any CPU.Build.0 = Debug|Any CPU
		{40B12AAC-124C-4FC3-D51F-6B2D8A3976EF}.Release|Any CPU.ActiveCfg = Release|Any CPU
		{40B12AAC-124C-4FC3-D51F-6B2D8A3976EF}.Release|Any CPU.Build.0 = Release|Any CPU
		{1EB8626A-1066-F805-AEF5-06EB594B0CFB}.Debug|Any CPU.ActiveCfg = Debug|Any CPU
		{1EB8626A-1066-F805-AEF5-06EB594B0CFB}.Debug|Any CPU.Build.0 = Debug|Any CPU
		{1EB8626A-1066-F805-AEF5-06EB594B0CFB}.Release|Any CPU.ActiveCfg = Release|Any CPU
		{1EB8626A-1066-F805-AEF5-06EB594B0CFB}.Release|Any CPU.Build.0 = Release|Any CPU
		{B23B4533-0A8E-5CEA-24D0-80AFDDD568C0}.Debug|Any CPU.ActiveCfg = Debug|Any CPU
		{B23B4533-0A8E-5CEA-24D0-80AFDDD568C0}.Debug|Any CPU.Build.0 = Debug|Any CPU
		{B23B4533-0A8E-5CEA-24D0-80AFDDD568C0}.Release|Any CPU.ActiveCfg = Release|Any CPU
		{B23B4533-0A8E-5CEA-24D0-80AFDDD568C0}.Release|Any CPU.Build.0 = Release|Any CPU
		{828F5B7B-382B-59EB-0B19-2AA86B1F5E27}.Debug|Any CPU.ActiveCfg = Debug|Any CPU
		{828F5B7B-382B-59EB-0B19-2AA86B1F5E27}.Debug|Any CPU.Build.0 = Debug|Any CPU
		{828F5B7B-382B-59EB-0B19-2AA86B1F5E27}.Release|Any CPU.ActiveCfg = Release|Any CPU
		{828F5B7B-382B-59EB-0B19-2AA86B1F5E27}.Release|Any CPU.Build.0 = Release|Any CPU
		{F4E915D1-7257-39C2-D7AC-092E39038FD8}.Debug|Any CPU.ActiveCfg = Debug|Any CPU
		{F4E915D1-7257-39C2-D7AC-092E39038FD8}.Debug|Any CPU.Build.0 = Debug|Any CPU
		{F4E915D1-7257-39C2-D7AC-092E39038FD8}.Release|Any CPU.ActiveCfg = Release|Any CPU
		{F4E915D1-7257-39C2-D7AC-092E39038FD8}.Release|Any CPU.Build.0 = Release|Any CPU
		{ABFF762D-4712-EB05-2B10-41805A3466E7}.Debug|Any CPU.ActiveCfg = Debug|Any CPU
		{ABFF762D-4712-EB05-2B10-41805A3466E7}.Debug|Any CPU.Build.0 = Debug|Any CPU
		{ABFF762D-4712-EB05-2B10-41805A3466E7}.Release|Any CPU.ActiveCfg = Release|Any CPU
		{ABFF762D-4712-EB05-2B10-41805A3466E7}.Release|Any CPU.Build.0 = Release|Any CPU
		{DD7E65E5-BC0C-4E4C-C752-BC078E7CD853}.Debug|Any CPU.ActiveCfg = Debug|Any CPU
		{DD7E65E5-BC0C-4E4C-C752-BC078E7CD853}.Debug|Any CPU.Build.0 = Debug|Any CPU
		{DD7E65E5-BC0C-4E4C-C752-BC078E7CD853}.Release|Any CPU.ActiveCfg = Release|Any CPU
		{DD7E65E5-BC0C-4E4C-C752-BC078E7CD853}.Release|Any CPU.Build.0 = Release|Any CPU
		{298F305C-873D-F083-2F39-A8E6E2DD9318}.Debug|Any CPU.ActiveCfg = Debug|Any CPU
		{298F305C-873D-F083-2F39-A8E6E2DD9318}.Debug|Any CPU.Build.0 = Debug|Any CPU
		{298F305C-873D-F083-2F39-A8E6E2DD9318}.Release|Any CPU.ActiveCfg = Release|Any CPU
		{298F305C-873D-F083-2F39-A8E6E2DD9318}.Release|Any CPU.Build.0 = Release|Any CPU
		{6842795C-C5EC-D9D9-71E8-6ACE9B70C90D}.Debug|Any CPU.ActiveCfg = Debug|Any CPU
		{6842795C-C5EC-D9D9-71E8-6ACE9B70C90D}.Debug|Any CPU.Build.0 = Debug|Any CPU
		{6842795C-C5EC-D9D9-71E8-6ACE9B70C90D}.Release|Any CPU.ActiveCfg = Release|Any CPU
		{6842795C-C5EC-D9D9-71E8-6ACE9B70C90D}.Release|Any CPU.Build.0 = Release|Any CPU
		{E493C0C6-3AEF-07F5-693F-510309DDFEB0}.Debug|Any CPU.ActiveCfg = Debug|Any CPU
		{E493C0C6-3AEF-07F5-693F-510309DDFEB0}.Debug|Any CPU.Build.0 = Debug|Any CPU
		{E493C0C6-3AEF-07F5-693F-510309DDFEB0}.Release|Any CPU.ActiveCfg = Release|Any CPU
		{E493C0C6-3AEF-07F5-693F-510309DDFEB0}.Release|Any CPU.Build.0 = Release|Any CPU
		{7E27861B-A4DF-E470-B014-6F28D1AF89F9}.Debug|Any CPU.ActiveCfg = Debug|Any CPU
		{7E27861B-A4DF-E470-B014-6F28D1AF89F9}.Debug|Any CPU.Build.0 = Debug|Any CPU
		{7E27861B-A4DF-E470-B014-6F28D1AF89F9}.Release|Any CPU.ActiveCfg = Release|Any CPU
		{7E27861B-A4DF-E470-B014-6F28D1AF89F9}.Release|Any CPU.Build.0 = Release|Any CPU
		{1A4C0864-DAEA-0A73-A763-86AB1A5E8A2C}.Debug|Any CPU.ActiveCfg = Debug|Any CPU
		{1A4C0864-DAEA-0A73-A763-86AB1A5E8A2C}.Debug|Any CPU.Build.0 = Debug|Any CPU
		{1A4C0864-DAEA-0A73-A763-86AB1A5E8A2C}.Release|Any CPU.ActiveCfg = Release|Any CPU
		{1A4C0864-DAEA-0A73-A763-86AB1A5E8A2C}.Release|Any CPU.Build.0 = Release|Any CPU
		{228EBBD4-775F-648F-5650-81F68E84B598}.Debug|Any CPU.ActiveCfg = Debug|Any CPU
		{228EBBD4-775F-648F-5650-81F68E84B598}.Debug|Any CPU.Build.0 = Debug|Any CPU
		{228EBBD4-775F-648F-5650-81F68E84B598}.Release|Any CPU.ActiveCfg = Release|Any CPU
		{228EBBD4-775F-648F-5650-81F68E84B598}.Release|Any CPU.Build.0 = Release|Any CPU
		{C9BA6757-40D1-0350-505E-58626F3F5DFC}.Debug|Any CPU.ActiveCfg = Debug|Any CPU
		{C9BA6757-40D1-0350-505E-58626F3F5DFC}.Debug|Any CPU.Build.0 = Debug|Any CPU
		{C9BA6757-40D1-0350-505E-58626F3F5DFC}.Release|Any CPU.ActiveCfg = Release|Any CPU
		{C9BA6757-40D1-0350-505E-58626F3F5DFC}.Release|Any CPU.Build.0 = Release|Any CPU
		{EAF09C3C-2FAE-8B66-266D-B67243CDBF19}.Debug|Any CPU.ActiveCfg = Debug|Any CPU
		{EAF09C3C-2FAE-8B66-266D-B67243CDBF19}.Debug|Any CPU.Build.0 = Debug|Any CPU
		{EAF09C3C-2FAE-8B66-266D-B67243CDBF19}.Release|Any CPU.ActiveCfg = Release|Any CPU
		{EAF09C3C-2FAE-8B66-266D-B67243CDBF19}.Release|Any CPU.Build.0 = Release|Any CPU
	EndGlobalSection
	GlobalSection(SolutionProperties) = preSolution
		HideSolutionNode = FALSE
	EndGlobalSection
EndGlobal
