
Microsoft Visual Studio Solution File, Format Version 12.00
# Visual Studio 15
Project("{FAE04EC0-301F-11D3-BF4B-00C04F79EFBC}") = "Unity.Timeline", "Unity.Timeline.csproj", "{A8185E71-6735-3D5B-9CCD-6A79C7F870A1}"
EndProject
Project("{FAE04EC0-301F-11D3-BF4B-00C04F79EFBC}") = "Assembly-CSharp", "Assembly-CSharp.csproj", "{C9ECB7E9-E5A7-A251-2758-455CCEB7985F}"
EndProject
Project("{FAE04EC0-301F-11D3-BF4B-00C04F79EFBC}") = "Unity.TerrainTools.Editor", "Unity.TerrainTools.Editor.csproj", "{585626DA-2791-BD27-B469-5604D6A38F17}"
EndProject
Project("{FAE04EC0-301F-11D3-BF4B-00C04F79EFBC}") = "Unity.ShaderGraph.Editor", "Unity.ShaderGraph.Editor.csproj", "{7D2A87AB-B206-01BB-BE29-1264AFFEFC1C}"
EndProject
Project("{FAE04EC0-301F-11D3-BF4B-00C04F79EFBC}") = "Unity.VisualScripting.Flow", "Unity.VisualScripting.Flow.csproj", "{7EC5173A-3041-E347-E739-74E96C2E950C}"
EndProject
Project("{FAE04EC0-301F-11D3-BF4B-00C04F79EFBC}") = "Unity.RenderPipelines.Universal.Runtime", "Unity.RenderPipelines.Universal.Runtime.csproj", "{47D14870-E718-F07C-2ACB-002496B83451}"
EndProject
Project("{FAE04EC0-301F-11D3-BF4B-00C04F79EFBC}") = "Unity.ProBuilder", "Unity.ProBuilder.csproj", "{D5260EDF-FEC5-BB73-8021-E525ADB733F3}"
EndProject
Project("{FAE04EC0-301F-11D3-BF4B-00C04F79EFBC}") = "UnityEditor.UI", "UnityEditor.UI.csproj", "{146C1CE9-8651-E0FB-1B55-DF24D8940E98}"
EndProject
Project("{FAE04EC0-301F-11D3-BF4B-00C04F79EFBC}") = "Unity.Timeline.Editor", "Unity.Timeline.Editor.csproj", "{D21355A5-BB7F-D27A-DA57-328A5EF27CD9}"
EndProject
Project("{FAE04EC0-301F-11D3-BF4B-00C04F79EFBC}") = "Unity.PlasticSCM.Editor", "Unity.PlasticSCM.Editor.csproj", "{F1A82DD4-10B8-3FBC-CD29-B1971574CA01}"
EndProject
Project("{FAE04EC0-301F-11D3-BF4B-00C04F79EFBC}") = "Unity.RenderPipelines.Core.Runtime", "Unity.RenderPipelines.Core.Runtime.csproj", "{B348E187-50CE-28FA-E74A-7E97BD15E4FE}"
EndProject
Project("{FAE04EC0-301F-11D3-BF4B-00C04F79EFBC}") = "Unity.Mathematics", "Unity.Mathematics.csproj", "{323947DE-82DA-C6B7-25A9-52DE1370A73C}"
EndProject
Project("{FAE04EC0-301F-11D3-BF4B-00C04F79EFBC}") = "Unity.RenderPipelines.Core.Editor", "Unity.RenderPipelines.Core.Editor.csproj", "{68A87891-AF05-D00B-54B2-2E2C273F3B9F}"
EndProject
Project("{FAE04EC0-301F-11D3-BF4B-00C04F79EFBC}") = "Unity.ProBuilder.Editor", "Unity.ProBuilder.Editor.csproj", "{1E2631E5-FC25-B8B3-8B77-2D4B1AF9C5A0}"
EndProject
Project("{FAE04EC0-301F-11D3-BF4B-00C04F79EFBC}") = "Unity.VisualScripting.Core.Editor", "Unity.VisualScripting.Core.Editor.csproj", "{388DF15E-F1EC-CE9C-055C-654024CA56BB}"
EndProject
Project("{FAE04EC0-301F-11D3-BF4B-00C04F79EFBC}") = "UnityEditor.TestRunner", "UnityEditor.TestRunner.csproj", "{CB7AB702-2407-1D17-0116-692D04424A47}"
EndProject
Project("{FAE04EC0-301F-11D3-BF4B-00C04F79EFBC}") = "Unity.ProBuilder.Poly2Tri", "Unity.ProBuilder.Poly2Tri.csproj", "{23896C2B-03DF-1725-C7C8-DFFB586B8FC3}"
EndProject
Project("{FAE04EC0-301F-11D3-BF4B-00C04F79EFBC}") = "Unity.RenderPipelines.Universal.Editor", "Unity.RenderPipelines.Universal.Editor.csproj", "{F3D3EF68-B19C-350C-4612-F7DAECA6BB18}"
EndProject
Project("{FAE04EC0-301F-11D3-BF4B-00C04F79EFBC}") = "Unity.TextMeshPro.Editor", "Unity.TextMeshPro.Editor.csproj", "{1401B4E0-9742-ADCB-04E9-0591934D4678}"
EndProject
Project("{FAE04EC0-301F-11D3-BF4B-00C04F79EFBC}") = "Unity.VisualScripting.Flow.Editor", "Unity.VisualScripting.Flow.Editor.csproj", "{D27ACFFD-257C-06C1-9D27-B035EC6A78D3}"
EndProject
Project("{FAE04EC0-301F-11D3-BF4B-00C04F79EFBC}") = "UnityEngine.TestRunner", "UnityEngine.TestRunner.csproj", "{6D7BE74A-7127-625E-4686-2D41BA7FE572}"
EndProject
Project("{FAE04EC0-301F-11D3-BF4B-00C04F79EFBC}") = "Unity.VisualScripting.Core", "Unity.VisualScripting.Core.csproj", "{E7E9196C-1F63-054A-6DC4-1C7225883F17}"
EndProject
Project("{FAE04EC0-301F-11D3-BF4B-00C04F79EFBC}") = "Unity.Searcher.Editor", "Unity.Searcher.Editor.csproj", "{1570000E-7827-BEBF-3926-D1DCD02F7391}"
EndProject
Project("{FAE04EC0-301F-11D3-BF4B-00C04F79EFBC}") = "Unity.Burst", "Unity.Burst.csproj", "{5DF52211-7D0A-7175-85BE-637F07FED3BC}"
EndProject
Project("{FAE04EC0-301F-11D3-BF4B-00C04F79EFBC}") = "Unity.ProBuilder.Csg", "Unity.ProBuilder.Csg.csproj", "{6523D557-9234-914E-63F4-78FAD2149591}"
EndProject
Project("{FAE04EC0-301F-11D3-BF4B-00C04F79EFBC}") = "Unity.AI.Navigation.Editor", "Unity.AI.Navigation.Editor.csproj", "{6DD5E57C-8F04-B5A0-4FDE-87DBCDA0FBC0}"
EndProject
Project("{FAE04EC0-301F-11D3-BF4B-00C04F79EFBC}") = "Unity.VisualStudio.Editor", "Unity.VisualStudio.Editor.csproj", "{CD2F8A2A-3C7E-D8B0-9250-E7E31AD8D27F}"
EndProject
Project("{FAE04EC0-301F-11D3-BF4B-00C04F79EFBC}") = "PPv2URPConverters", "PPv2URPConverters.csproj", "{C6080377-8429-0552-0DFC-05EE6AC9677D}"
EndProject
Project("{FAE04EC0-301F-11D3-BF4B-00C04F79EFBC}") = "Unity.TestTools.CodeCoverage.Editor.OpenCover.Model", "Unity.TestTools.CodeCoverage.Editor.OpenCover.Model.csproj", "{7AF878AA-3C42-EB63-C680-41E1C6D667AC}"
EndProject
Project("{FAE04EC0-301F-11D3-BF4B-00C04F79EFBC}") = "Unity.Rider.Editor", "Unity.Rider.Editor.csproj", "{5CD843AF-256F-6814-FF6A-245520FFD0B6}"
EndProject
Project("{FAE04EC0-301F-11D3-BF4B-00C04F79EFBC}") = "Unity.AI.Navigation.Editor.ConversionSystem", "Unity.AI.Navigation.Editor.ConversionSystem.csproj", "{662C6673-B86C-B7CF-7D25-A0906CC96062}"
EndProject
Project("{FAE04EC0-301F-11D3-BF4B-00C04F79EFBC}") = "Unity.VisualScripting.State.Editor", "Unity.VisualScripting.State.Editor.csproj", "{257B6C27-1AEC-6D07-F1C0-12C0B2770BB0}"
EndProject
Project("{FAE04EC0-301F-11D3-BF4B-00C04F79EFBC}") = "UnityEngine.UI", "UnityEngine.UI.csproj", "{76DE9AD1-4BB2-42E4-FBC3-E7BED18AF86D}"
EndProject
Project("{FAE04EC0-301F-11D3-BF4B-00C04F79EFBC}") = "Unity.TestTools.CodeCoverage.Editor", "Unity.TestTools.CodeCoverage.Editor.csproj", "{3D519ECF-3DC1-20CD-53F4-519A6EE07C57}"
EndProject
Project("{FAE04EC0-301F-11D3-BF4B-00C04F79EFBC}") = "Unity.Burst.CodeGen", "Unity.Burst.CodeGen.csproj", "{F8A5A936-8731-3967-DCF1-2CCE65AE463A}"
EndProject
Project("{FAE04EC0-301F-11D3-BF4B-00C04F79EFBC}") = "Unity.Postprocessing.Runtime", "Unity.Postprocessing.Runtime.csproj", "{046EFF25-B086-EF0C-44A6-63F87C6535EC}"
EndProject
Project("{FAE04EC0-301F-11D3-BF4B-00C04F79EFBC}") = "Unity.RenderPipeline.Universal.ShaderLibrary", "Unity.RenderPipeline.Universal.ShaderLibrary.csproj", "{5BF242C7-2AC5-FEB9-A459-1A139533A1B8}"
EndProject
Project("{FAE04EC0-301F-11D3-BF4B-00C04F79EFBC}") = "Unity.Postprocessing.Editor", "Unity.Postprocessing.Editor.csproj", "{E2C23C39-EE90-BCF8-DE1C-D01C6A2C5559}"
EndProject
Project("{FAE04EC0-301F-11D3-BF4B-00C04F79EFBC}") = "Unity.AI.Navigation", "Unity.AI.Navigation.csproj", "{E0E4330F-C2D9-F845-6D43-3C35080C5498}"
EndProject
Project("{FAE04EC0-301F-11D3-BF4B-00C04F79EFBC}") = "Unity.VisualScripting.State", "Unity.VisualScripting.State.csproj", "{ED7697C6-E5AA-2BB6-94C4-EF4E044EECAD}"
EndProject
Project("{FAE04EC0-301F-11D3-BF4B-00C04F79EFBC}") = "Unity.TextMeshPro", "Unity.TextMeshPro.csproj", "{A9FF1BEA-A755-619D-6A55-C687BD119346}"
EndProject
Project("{FAE04EC0-301F-11D3-BF4B-00C04F79EFBC}") = "Unity.Performance.Profile-Analyzer.Editor", "Unity.Performance.Profile-Analyzer.Editor.csproj", "{FF2B75E7-A258-95B7-CC58-8D0DAE747C39}"
EndProject
Project("{FAE04EC0-301F-11D3-BF4B-00C04F79EFBC}") = "Unity.VisualScripting.SettingsProvider.Editor", "Unity.VisualScripting.SettingsProvider.Editor.csproj", "{A0A8E09C-6A15-A543-5CEC-B08DEE344D38}"
EndProject
Project("{FAE04EC0-301F-11D3-BF4B-00C04F79EFBC}") = "Unity.VSCode.Editor", "Unity.VSCode.Editor.csproj", "{61CEA01B-C80A-4432-EB8D-08724C4E9B46}"
EndProject
Project("{FAE04EC0-301F-11D3-BF4B-00C04F79EFBC}") = "Unity.Burst.Editor", "Unity.Burst.Editor.csproj", "{C4CDCD06-4299-30BB-03F2-83B3D7C0EEE1}"
EndProject
Project("{FAE04EC0-301F-11D3-BF4B-00C04F79EFBC}") = "Unity.TestTools.CodeCoverage.Editor.OpenCover.Mono.Reflection", "Unity.TestTools.CodeCoverage.Editor.OpenCover.Mono.Reflection.csproj", "{DA0425C7-1CFC-E22E-294F-7F7F49576C80}"
EndProject
Project("{FAE04EC0-301F-11D3-BF4B-00C04F79EFBC}") = "Unity.AI.Navigation.Updater", "Unity.AI.Navigation.Updater.csproj", "{7FD63E71-5634-DC17-440E-52028CDB9B04}"
EndProject
Project("{FAE04EC0-301F-11D3-BF4B-00C04F79EFBC}") = "Unity.ProBuilder.Stl", "Unity.ProBuilder.Stl.csproj", "{3C6AEA14-9503-901E-9EB5-2E81922054F5}"
EndProject
Project("{FAE04EC0-301F-11D3-BF4B-00C04F79EFBC}") = "Unity.Settings.Editor", "Unity.Settings.Editor.csproj", "{455F09CD-5448-B03F-5A2D-57C7A477E88E}"
EndProject
Project("{FAE04EC0-301F-11D3-BF4B-00C04F79EFBC}") = "Unity.ProBuilder.KdTree", "Unity.ProBuilder.KdTree.csproj", "{1A8D98CE-9C04-4DC9-93DA-089CF627E525}"
EndProject
Project("{FAE04EC0-301F-11D3-BF4B-00C04F79EFBC}") = "Unity.ProBuilder.AddOns.Editor", "Unity.ProBuilder.AddOns.Editor.csproj", "{2D600D83-D4E5-E76B-A0DA-F6A5A4147A8B}"
EndProject
Project("{FAE04EC0-301F-11D3-BF4B-00C04F79EFBC}") = "Unity.Mathematics.Editor", "Unity.Mathematics.Editor.csproj", "{7DE0F2C0-7151-9811-BD77-E344BE7529AE}"
EndProject
Project("{FAE04EC0-301F-11D3-BF4B-00C04F79EFBC}") = "Unity.ProBuilder.AssetIdRemapUtility", "Unity.ProBuilder.AssetIdRemapUtility.csproj", "{9EDB3139-F133-B872-758F-DC8E73D4D3A7}"
EndProject
Project("{FAE04EC0-301F-11D3-BF4B-00C04F79EFBC}") = "Unity.ShaderGraph.Utilities", "Unity.ShaderGraph.Utilities.csproj", "{E1420A03-1FB1-E095-53F0-B703DBB63E56}"
EndProject
Project("{FAE04EC0-301F-11D3-BF4B-00C04F79EFBC}") = "Unity.VisualScripting.Shared.Editor", "Unity.VisualScripting.Shared.Editor.csproj", "{0B2FBB64-6E45-1E21-0289-AE681ADB2161}"
EndProject
Project("{FAE04EC0-301F-11D3-BF4B-00C04F79EFBC}") = "Unity.EditorCoroutines.Editor", "Unity.EditorCoroutines.Editor.csproj", "{C5753CA1-34F9-93A0-29B2-DF52C6931D4E}"
EndProject
Project("{FAE04EC0-301F-11D3-BF4B-00C04F79EFBC}") = "Unity.TerrainTools", "Unity.TerrainTools.csproj", "{D5F2EFE3-9679-D77D-9E1A-F9BF6B6630A0}"
EndProject
Project("{FAE04EC0-301F-11D3-BF4B-00C04F79EFBC}") = "Assembly-CSharp-Editor", "Assembly-CSharp-Editor.csproj", "{40B2E23D-37C5-5DFD-51E9-A38A21E245CC}"
EndProject
Project("{FAE04EC0-301F-11D3-BF4B-00C04F79EFBC}") = "Unity.CollabProxy.Editor", "Unity.CollabProxy.Editor.csproj", "{DB1A2A36-A036-CB22-F091-6C610F616004}"
EndProject
Project("{FAE04EC0-301F-11D3-BF4B-00C04F79EFBC}") = "Unity.RenderPipelines.ShaderGraph.ShaderGraphLibrary", "Unity.RenderPipelines.ShaderGraph.ShaderGraphLibrary.csproj", "{1EA9D5C7-C8FC-C66F-6A49-BB3AF4CDC501}"
EndProject
Project("{FAE04EC0-301F-11D3-BF4B-00C04F79EFBC}") = "Unity.RenderPipelines.Core.ShaderLibrary", "Unity.RenderPipelines.Core.ShaderLibrary.csproj", "{D114BFCC-1371-7F5B-F3F8-0106A3FC7B04}"
EndProject
Project("{FAE04EC0-301F-11D3-BF4B-00C04F79EFBC}") = "Unity.RenderPipelines.Universal.Shaders", "Unity.RenderPipelines.Universal.Shaders.csproj", "{B9F6613E-448F-F269-9642-56BAB41DFDA1}"
EndProject
Global
	GlobalSection(SolutionConfigurationPlatforms) = preSolution
		Debug|Any CPU = Debug|Any CPU
		Release|Any CPU = Release|Any CPU
	EndGlobalSection
	GlobalSection(ProjectConfigurationPlatforms) = postSolution
		{A8185E71-6735-3D5B-9CCD-6A79C7F870A1}.Debug|Any CPU.ActiveCfg = Debug|Any CPU
		{A8185E71-6735-3D5B-9CCD-6A79C7F870A1}.Debug|Any CPU.Build.0 = Debug|Any CPU
		{A8185E71-6735-3D5B-9CCD-6A79C7F870A1}.Release|Any CPU.ActiveCfg = Release|Any CPU
		{A8185E71-6735-3D5B-9CCD-6A79C7F870A1}.Release|Any CPU.Build.0 = Release|Any CPU
		{C9ECB7E9-E5A7-A251-2758-455CCEB7985F}.Debug|Any CPU.ActiveCfg = Debug|Any CPU
		{C9ECB7E9-E5A7-A251-2758-455CCEB7985F}.Debug|Any CPU.Build.0 = Debug|Any CPU
		{C9ECB7E9-E5A7-A251-2758-455CCEB7985F}.Release|Any CPU.ActiveCfg = Release|Any CPU
		{C9ECB7E9-E5A7-A251-2758-455CCEB7985F}.Release|Any CPU.Build.0 = Release|Any CPU
		{585626DA-2791-BD27-B469-5604D6A38F17}.Debug|Any CPU.ActiveCfg = Debug|Any CPU
		{585626DA-2791-BD27-B469-5604D6A38F17}.Debug|Any CPU.Build.0 = Debug|Any CPU
		{585626DA-2791-BD27-B469-5604D6A38F17}.Release|Any CPU.ActiveCfg = Release|Any CPU
		{585626DA-2791-BD27-B469-5604D6A38F17}.Release|Any CPU.Build.0 = Release|Any CPU
		{7D2A87AB-B206-01BB-BE29-1264AFFEFC1C}.Debug|Any CPU.ActiveCfg = Debug|Any CPU
		{7D2A87AB-B206-01BB-BE29-1264AFFEFC1C}.Debug|Any CPU.Build.0 = Debug|Any CPU
		{7D2A87AB-B206-01BB-BE29-1264AFFEFC1C}.Release|Any CPU.ActiveCfg = Release|Any CPU
		{7D2A87AB-B206-01BB-BE29-1264AFFEFC1C}.Release|Any CPU.Build.0 = Release|Any CPU
		{7EC5173A-3041-E347-E739-74E96C2E950C}.Debug|Any CPU.ActiveCfg = Debug|Any CPU
		{7EC5173A-3041-E347-E739-74E96C2E950C}.Debug|Any CPU.Build.0 = Debug|Any CPU
		{7EC5173A-3041-E347-E739-74E96C2E950C}.Release|Any CPU.ActiveCfg = Release|Any CPU
		{7EC5173A-3041-E347-E739-74E96C2E950C}.Release|Any CPU.Build.0 = Release|Any CPU
		{47D14870-E718-F07C-2ACB-002496B83451}.Debug|Any CPU.ActiveCfg = Debug|Any CPU
		{47D14870-E718-F07C-2ACB-002496B83451}.Debug|Any CPU.Build.0 = Debug|Any CPU
		{47D14870-E718-F07C-2ACB-002496B83451}.Release|Any CPU.ActiveCfg = Release|Any CPU
		{47D14870-E718-F07C-2ACB-002496B83451}.Release|Any CPU.Build.0 = Release|Any CPU
		{D5260EDF-FEC5-BB73-8021-E525ADB733F3}.Debug|Any CPU.ActiveCfg = Debug|Any CPU
		{D5260EDF-FEC5-BB73-8021-E525ADB733F3}.Debug|Any CPU.Build.0 = Debug|Any CPU
		{D5260EDF-FEC5-BB73-8021-E525ADB733F3}.Release|Any CPU.ActiveCfg = Release|Any CPU
		{D5260EDF-FEC5-BB73-8021-E525ADB733F3}.Release|Any CPU.Build.0 = Release|Any CPU
		{146C1CE9-8651-E0FB-1B55-DF24D8940E98}.Debug|Any CPU.ActiveCfg = Debug|Any CPU
		{146C1CE9-8651-E0FB-1B55-DF24D8940E98}.Debug|Any CPU.Build.0 = Debug|Any CPU
		{146C1CE9-8651-E0FB-1B55-DF24D8940E98}.Release|Any CPU.ActiveCfg = Release|Any CPU
		{146C1CE9-8651-E0FB-1B55-DF24D8940E98}.Release|Any CPU.Build.0 = Release|Any CPU
		{D21355A5-BB7F-D27A-DA57-328A5EF27CD9}.Debug|Any CPU.ActiveCfg = Debug|Any CPU
		{D21355A5-BB7F-D27A-DA57-328A5EF27CD9}.Debug|Any CPU.Build.0 = Debug|Any CPU
		{D21355A5-BB7F-D27A-DA57-328A5EF27CD9}.Release|Any CPU.ActiveCfg = Release|Any CPU
		{D21355A5-BB7F-D27A-DA57-328A5EF27CD9}.Release|Any CPU.Build.0 = Release|Any CPU
		{F1A82DD4-10B8-3FBC-CD29-B1971574CA01}.Debug|Any CPU.ActiveCfg = Debug|Any CPU
		{F1A82DD4-10B8-3FBC-CD29-B1971574CA01}.Debug|Any CPU.Build.0 = Debug|Any CPU
		{F1A82DD4-10B8-3FBC-CD29-B1971574CA01}.Release|Any CPU.ActiveCfg = Release|Any CPU
		{F1A82DD4-10B8-3FBC-CD29-B1971574CA01}.Release|Any CPU.Build.0 = Release|Any CPU
		{B348E187-50CE-28FA-E74A-7E97BD15E4FE}.Debug|Any CPU.ActiveCfg = Debug|Any CPU
		{B348E187-50CE-28FA-E74A-7E97BD15E4FE}.Debug|Any CPU.Build.0 = Debug|Any CPU
		{B348E187-50CE-28FA-E74A-7E97BD15E4FE}.Release|Any CPU.ActiveCfg = Release|Any CPU
		{B348E187-50CE-28FA-E74A-7E97BD15E4FE}.Release|Any CPU.Build.0 = Release|Any CPU
		{323947DE-82DA-C6B7-25A9-52DE1370A73C}.Debug|Any CPU.ActiveCfg = Debug|Any CPU
		{323947DE-82DA-C6B7-25A9-52DE1370A73C}.Debug|Any CPU.Build.0 = Debug|Any CPU
		{323947DE-82DA-C6B7-25A9-52DE1370A73C}.Release|Any CPU.ActiveCfg = Release|Any CPU
		{323947DE-82DA-C6B7-25A9-52DE1370A73C}.Release|Any CPU.Build.0 = Release|Any CPU
		{68A87891-AF05-D00B-54B2-2E2C273F3B9F}.Debug|Any CPU.ActiveCfg = Debug|Any CPU
		{68A87891-AF05-D00B-54B2-2E2C273F3B9F}.Debug|Any CPU.Build.0 = Debug|Any CPU
		{68A87891-AF05-D00B-54B2-2E2C273F3B9F}.Release|Any CPU.ActiveCfg = Release|Any CPU
		{68A87891-AF05-D00B-54B2-2E2C273F3B9F}.Release|Any CPU.Build.0 = Release|Any CPU
		{1E2631E5-FC25-B8B3-8B77-2D4B1AF9C5A0}.Debug|Any CPU.ActiveCfg = Debug|Any CPU
		{1E2631E5-FC25-B8B3-8B77-2D4B1AF9C5A0}.Debug|Any CPU.Build.0 = Debug|Any CPU
		{1E2631E5-FC25-B8B3-8B77-2D4B1AF9C5A0}.Release|Any CPU.ActiveCfg = Release|Any CPU
		{1E2631E5-FC25-B8B3-8B77-2D4B1AF9C5A0}.Release|Any CPU.Build.0 = Release|Any CPU
		{388DF15E-F1EC-CE9C-055C-654024CA56BB}.Debug|Any CPU.ActiveCfg = Debug|Any CPU
		{388DF15E-F1EC-CE9C-055C-654024CA56BB}.Debug|Any CPU.Build.0 = Debug|Any CPU
		{388DF15E-F1EC-CE9C-055C-654024CA56BB}.Release|Any CPU.ActiveCfg = Release|Any CPU
		{388DF15E-F1EC-CE9C-055C-654024CA56BB}.Release|Any CPU.Build.0 = Release|Any CPU
		{CB7AB702-2407-1D17-0116-692D04424A47}.Debug|Any CPU.ActiveCfg = Debug|Any CPU
		{CB7AB702-2407-1D17-0116-692D04424A47}.Debug|Any CPU.Build.0 = Debug|Any CPU
		{CB7AB702-2407-1D17-0116-692D04424A47}.Release|Any CPU.ActiveCfg = Release|Any CPU
		{CB7AB702-2407-1D17-0116-692D04424A47}.Release|Any CPU.Build.0 = Release|Any CPU
		{23896C2B-03DF-1725-C7C8-DFFB586B8FC3}.Debug|Any CPU.ActiveCfg = Debug|Any CPU
		{23896C2B-03DF-1725-C7C8-DFFB586B8FC3}.Debug|Any CPU.Build.0 = Debug|Any CPU
		{23896C2B-03DF-1725-C7C8-DFFB586B8FC3}.Release|Any CPU.ActiveCfg = Release|Any CPU
		{23896C2B-03DF-1725-C7C8-DFFB586B8FC3}.Release|Any CPU.Build.0 = Release|Any CPU
		{F3D3EF68-B19C-350C-4612-F7DAECA6BB18}.Debug|Any CPU.ActiveCfg = Debug|Any CPU
		{F3D3EF68-B19C-350C-4612-F7DAECA6BB18}.Debug|Any CPU.Build.0 = Debug|Any CPU
		{F3D3EF68-B19C-350C-4612-F7DAECA6BB18}.Release|Any CPU.ActiveCfg = Release|Any CPU
		{F3D3EF68-B19C-350C-4612-F7DAECA6BB18}.Release|Any CPU.Build.0 = Release|Any CPU
		{1401B4E0-9742-ADCB-04E9-0591934D4678}.Debug|Any CPU.ActiveCfg = Debug|Any CPU
		{1401B4E0-9742-ADCB-04E9-0591934D4678}.Debug|Any CPU.Build.0 = Debug|Any CPU
		{1401B4E0-9742-ADCB-04E9-0591934D4678}.Release|Any CPU.ActiveCfg = Release|Any CPU
		{1401B4E0-9742-ADCB-04E9-0591934D4678}.Release|Any CPU.Build.0 = Release|Any CPU
		{D27ACFFD-257C-06C1-9D27-B035EC6A78D3}.Debug|Any CPU.ActiveCfg = Debug|Any CPU
		{D27ACFFD-257C-06C1-9D27-B035EC6A78D3}.Debug|Any CPU.Build.0 = Debug|Any CPU
		{D27ACFFD-257C-06C1-9D27-B035EC6A78D3}.Release|Any CPU.ActiveCfg = Release|Any CPU
		{D27ACFFD-257C-06C1-9D27-B035EC6A78D3}.Release|Any CPU.Build.0 = Release|Any CPU
		{6D7BE74A-7127-625E-4686-2D41BA7FE572}.Debug|Any CPU.ActiveCfg = Debug|Any CPU
		{6D7BE74A-7127-625E-4686-2D41BA7FE572}.Debug|Any CPU.Build.0 = Debug|Any CPU
		{6D7BE74A-7127-625E-4686-2D41BA7FE572}.Release|Any CPU.ActiveCfg = Release|Any CPU
		{6D7BE74A-7127-625E-4686-2D41BA7FE572}.Release|Any CPU.Build.0 = Release|Any CPU
		{E7E9196C-1F63-054A-6DC4-1C7225883F17}.Debug|Any CPU.ActiveCfg = Debug|Any CPU
		{E7E9196C-1F63-054A-6DC4-1C7225883F17}.Debug|Any CPU.Build.0 = Debug|Any CPU
		{E7E9196C-1F63-054A-6DC4-1C7225883F17}.Release|Any CPU.ActiveCfg = Release|Any CPU
		{E7E9196C-1F63-054A-6DC4-1C7225883F17}.Release|Any CPU.Build.0 = Release|Any CPU
		{1570000E-7827-BEBF-3926-D1DCD02F7391}.Debug|Any CPU.ActiveCfg = Debug|Any CPU
		{1570000E-7827-BEBF-3926-D1DCD02F7391}.Debug|Any CPU.Build.0 = Debug|Any CPU
		{1570000E-7827-BEBF-3926-D1DCD02F7391}.Release|Any CPU.ActiveCfg = Release|Any CPU
		{1570000E-7827-BEBF-3926-D1DCD02F7391}.Release|Any CPU.Build.0 = Release|Any CPU
		{5DF52211-7D0A-7175-85BE-637F07FED3BC}.Debug|Any CPU.ActiveCfg = Debug|Any CPU
		{5DF52211-7D0A-7175-85BE-637F07FED3BC}.Debug|Any CPU.Build.0 = Debug|Any CPU
		{5DF52211-7D0A-7175-85BE-637F07FED3BC}.Release|Any CPU.ActiveCfg = Release|Any CPU
		{5DF52211-7D0A-7175-85BE-637F07FED3BC}.Release|Any CPU.Build.0 = Release|Any CPU
		{6523D557-9234-914E-63F4-78FAD2149591}.Debug|Any CPU.ActiveCfg = Debug|Any CPU
		{6523D557-9234-914E-63F4-78FAD2149591}.Debug|Any CPU.Build.0 = Debug|Any CPU
		{6523D557-9234-914E-63F4-78FAD2149591}.Release|Any CPU.ActiveCfg = Release|Any CPU
		{6523D557-9234-914E-63F4-78FAD2149591}.Release|Any CPU.Build.0 = Release|Any CPU
		{6DD5E57C-8F04-B5A0-4FDE-87DBCDA0FBC0}.Debug|Any CPU.ActiveCfg = Debug|Any CPU
		{6DD5E57C-8F04-B5A0-4FDE-87DBCDA0FBC0}.Debug|Any CPU.Build.0 = Debug|Any CPU
		{6DD5E57C-8F04-B5A0-4FDE-87DBCDA0FBC0}.Release|Any CPU.ActiveCfg = Release|Any CPU
		{6DD5E57C-8F04-B5A0-4FDE-87DBCDA0FBC0}.Release|Any CPU.Build.0 = Release|Any CPU
		{CD2F8A2A-3C7E-D8B0-9250-E7E31AD8D27F}.Debug|Any CPU.ActiveCfg = Debug|Any CPU
		{CD2F8A2A-3C7E-D8B0-9250-E7E31AD8D27F}.Debug|Any CPU.Build.0 = Debug|Any CPU
		{CD2F8A2A-3C7E-D8B0-9250-E7E31AD8D27F}.Release|Any CPU.ActiveCfg = Release|Any CPU
		{CD2F8A2A-3C7E-D8B0-9250-E7E31AD8D27F}.Release|Any CPU.Build.0 = Release|Any CPU
		{C6080377-8429-0552-0DFC-05EE6AC9677D}.Debug|Any CPU.ActiveCfg = Debug|Any CPU
		{C6080377-8429-0552-0DFC-05EE6AC9677D}.Debug|Any CPU.Build.0 = Debug|Any CPU
		{C6080377-8429-0552-0DFC-05EE6AC9677D}.Release|Any CPU.ActiveCfg = Release|Any CPU
		{C6080377-8429-0552-0DFC-05EE6AC9677D}.Release|Any CPU.Build.0 = Release|Any CPU
		{7AF878AA-3C42-EB63-C680-41E1C6D667AC}.Debug|Any CPU.ActiveCfg = Debug|Any CPU
		{7AF878AA-3C42-EB63-C680-41E1C6D667AC}.Debug|Any CPU.Build.0 = Debug|Any CPU
		{7AF878AA-3C42-EB63-C680-41E1C6D667AC}.Release|Any CPU.ActiveCfg = Release|Any CPU
		{7AF878AA-3C42-EB63-C680-41E1C6D667AC}.Release|Any CPU.Build.0 = Release|Any CPU
		{5CD843AF-256F-6814-FF6A-245520FFD0B6}.Debug|Any CPU.ActiveCfg = Debug|Any CPU
		{5CD843AF-256F-6814-FF6A-245520FFD0B6}.Debug|Any CPU.Build.0 = Debug|Any CPU
		{5CD843AF-256F-6814-FF6A-245520FFD0B6}.Release|Any CPU.ActiveCfg = Release|Any CPU
		{5CD843AF-256F-6814-FF6A-245520FFD0B6}.Release|Any CPU.Build.0 = Release|Any CPU
		{662C6673-B86C-B7CF-7D25-A0906CC96062}.Debug|Any CPU.ActiveCfg = Debug|Any CPU
		{662C6673-B86C-B7CF-7D25-A0906CC96062}.Debug|Any CPU.Build.0 = Debug|Any CPU
		{662C6673-B86C-B7CF-7D25-A0906CC96062}.Release|Any CPU.ActiveCfg = Release|Any CPU
		{662C6673-B86C-B7CF-7D25-A0906CC96062}.Release|Any CPU.Build.0 = Release|Any CPU
		{257B6C27-1AEC-6D07-F1C0-12C0B2770BB0}.Debug|Any CPU.ActiveCfg = Debug|Any CPU
		{257B6C27-1AEC-6D07-F1C0-12C0B2770BB0}.Debug|Any CPU.Build.0 = Debug|Any CPU
		{257B6C27-1AEC-6D07-F1C0-12C0B2770BB0}.Release|Any CPU.ActiveCfg = Release|Any CPU
		{257B6C27-1AEC-6D07-F1C0-12C0B2770BB0}.Release|Any CPU.Build.0 = Release|Any CPU
		{76DE9AD1-4BB2-42E4-FBC3-E7BED18AF86D}.Debug|Any CPU.ActiveCfg = Debug|Any CPU
		{76DE9AD1-4BB2-42E4-FBC3-E7BED18AF86D}.Debug|Any CPU.Build.0 = Debug|Any CPU
		{76DE9AD1-4BB2-42E4-FBC3-E7BED18AF86D}.Release|Any CPU.ActiveCfg = Release|Any CPU
		{76DE9AD1-4BB2-42E4-FBC3-E7BED18AF86D}.Release|Any CPU.Build.0 = Release|Any CPU
		{3D519ECF-3DC1-20CD-53F4-519A6EE07C57}.Debug|Any CPU.ActiveCfg = Debug|Any CPU
		{3D519ECF-3DC1-20CD-53F4-519A6EE07C57}.Debug|Any CPU.Build.0 = Debug|Any CPU
		{3D519ECF-3DC1-20CD-53F4-519A6EE07C57}.Release|Any CPU.ActiveCfg = Release|Any CPU
		{3D519ECF-3DC1-20CD-53F4-519A6EE07C57}.Release|Any CPU.Build.0 = Release|Any CPU
		{F8A5A936-8731-3967-DCF1-2CCE65AE463A}.Debug|Any CPU.ActiveCfg = Debug|Any CPU
		{F8A5A936-8731-3967-DCF1-2CCE65AE463A}.Debug|Any CPU.Build.0 = Debug|Any CPU
		{F8A5A936-8731-3967-DCF1-2CCE65AE463A}.Release|Any CPU.ActiveCfg = Release|Any CPU
		{F8A5A936-8731-3967-DCF1-2CCE65AE463A}.Release|Any CPU.Build.0 = Release|Any CPU
		{046EFF25-B086-EF0C-44A6-63F87C6535EC}.Debug|Any CPU.ActiveCfg = Debug|Any CPU
		{046EFF25-B086-EF0C-44A6-63F87C6535EC}.Debug|Any CPU.Build.0 = Debug|Any CPU
		{046EFF25-B086-EF0C-44A6-63F87C6535EC}.Release|Any CPU.ActiveCfg = Release|Any CPU
		{046EFF25-B086-EF0C-44A6-63F87C6535EC}.Release|Any CPU.Build.0 = Release|Any CPU
		{5BF242C7-2AC5-FEB9-A459-1A139533A1B8}.Debug|Any CPU.ActiveCfg = Debug|Any CPU
		{5BF242C7-2AC5-FEB9-A459-1A139533A1B8}.Debug|Any CPU.Build.0 = Debug|Any CPU
		{5BF242C7-2AC5-FEB9-A459-1A139533A1B8}.Release|Any CPU.ActiveCfg = Release|Any CPU
		{5BF242C7-2AC5-FEB9-A459-1A139533A1B8}.Release|Any CPU.Build.0 = Release|Any CPU
		{E2C23C39-EE90-BCF8-DE1C-D01C6A2C5559}.Debug|Any CPU.ActiveCfg = Debug|Any CPU
		{E2C23C39-EE90-BCF8-DE1C-D01C6A2C5559}.Debug|Any CPU.Build.0 = Debug|Any CPU
		{E2C23C39-EE90-BCF8-DE1C-D01C6A2C5559}.Release|Any CPU.ActiveCfg = Release|Any CPU
		{E2C23C39-EE90-BCF8-DE1C-D01C6A2C5559}.Release|Any CPU.Build.0 = Release|Any CPU
		{E0E4330F-C2D9-F845-6D43-3C35080C5498}.Debug|Any CPU.ActiveCfg = Debug|Any CPU
		{E0E4330F-C2D9-F845-6D43-3C35080C5498}.Debug|Any CPU.Build.0 = Debug|Any CPU
		{E0E4330F-C2D9-F845-6D43-3C35080C5498}.Release|Any CPU.ActiveCfg = Release|Any CPU
		{E0E4330F-C2D9-F845-6D43-3C35080C5498}.Release|Any CPU.Build.0 = Release|Any CPU
		{ED7697C6-E5AA-2BB6-94C4-EF4E044EECAD}.Debug|Any CPU.ActiveCfg = Debug|Any CPU
		{ED7697C6-E5AA-2BB6-94C4-EF4E044EECAD}.Debug|Any CPU.Build.0 = Debug|Any CPU
		{ED7697C6-E5AA-2BB6-94C4-EF4E044EECAD}.Release|Any CPU.ActiveCfg = Release|Any CPU
		{ED7697C6-E5AA-2BB6-94C4-EF4E044EECAD}.Release|Any CPU.Build.0 = Release|Any CPU
		{A9FF1BEA-A755-619D-6A55-C687BD119346}.Debug|Any CPU.ActiveCfg = Debug|Any CPU
		{A9FF1BEA-A755-619D-6A55-C687BD119346}.Debug|Any CPU.Build.0 = Debug|Any CPU
		{A9FF1BEA-A755-619D-6A55-C687BD119346}.Release|Any CPU.ActiveCfg = Release|Any CPU
		{A9FF1BEA-A755-619D-6A55-C687BD119346}.Release|Any CPU.Build.0 = Release|Any CPU
		{FF2B75E7-A258-95B7-CC58-8D0DAE747C39}.Debug|Any CPU.ActiveCfg = Debug|Any CPU
		{FF2B75E7-A258-95B7-CC58-8D0DAE747C39}.Debug|Any CPU.Build.0 = Debug|Any CPU
		{FF2B75E7-A258-95B7-CC58-8D0DAE747C39}.Release|Any CPU.ActiveCfg = Release|Any CPU
		{FF2B75E7-A258-95B7-CC58-8D0DAE747C39}.Release|Any CPU.Build.0 = Release|Any CPU
		{A0A8E09C-6A15-A543-5CEC-B08DEE344D38}.Debug|Any CPU.ActiveCfg = Debug|Any CPU
		{A0A8E09C-6A15-A543-5CEC-B08DEE344D38}.Debug|Any CPU.Build.0 = Debug|Any CPU
		{A0A8E09C-6A15-A543-5CEC-B08DEE344D38}.Release|Any CPU.ActiveCfg = Release|Any CPU
		{A0A8E09C-6A15-A543-5CEC-B08DEE344D38}.Release|Any CPU.Build.0 = Release|Any CPU
		{61CEA01B-C80A-4432-EB8D-08724C4E9B46}.Debug|Any CPU.ActiveCfg = Debug|Any CPU
		{61CEA01B-C80A-4432-EB8D-08724C4E9B46}.Debug|Any CPU.Build.0 = Debug|Any CPU
		{61CEA01B-C80A-4432-EB8D-08724C4E9B46}.Release|Any CPU.ActiveCfg = Release|Any CPU
		{61CEA01B-C80A-4432-EB8D-08724C4E9B46}.Release|Any CPU.Build.0 = Release|Any CPU
		{C4CDCD06-4299-30BB-03F2-83B3D7C0EEE1}.Debug|Any CPU.ActiveCfg = Debug|Any CPU
		{C4CDCD06-4299-30BB-03F2-83B3D7C0EEE1}.Debug|Any CPU.Build.0 = Debug|Any CPU
		{C4CDCD06-4299-30BB-03F2-83B3D7C0EEE1}.Release|Any CPU.ActiveCfg = Release|Any CPU
		{C4CDCD06-4299-30BB-03F2-83B3D7C0EEE1}.Release|Any CPU.Build.0 = Release|Any CPU
		{DA0425C7-1CFC-E22E-294F-7F7F49576C80}.Debug|Any CPU.ActiveCfg = Debug|Any CPU
		{DA0425C7-1CFC-E22E-294F-7F7F49576C80}.Debug|Any CPU.Build.0 = Debug|Any CPU
		{DA0425C7-1CFC-E22E-294F-7F7F49576C80}.Release|Any CPU.ActiveCfg = Release|Any CPU
		{DA0425C7-1CFC-E22E-294F-7F7F49576C80}.Release|Any CPU.Build.0 = Release|Any CPU
		{7FD63E71-5634-DC17-440E-52028CDB9B04}.Debug|Any CPU.ActiveCfg = Debug|Any CPU
		{7FD63E71-5634-DC17-440E-52028CDB9B04}.Debug|Any CPU.Build.0 = Debug|Any CPU
		{7FD63E71-5634-DC17-440E-52028CDB9B04}.Release|Any CPU.ActiveCfg = Release|Any CPU
		{7FD63E71-5634-DC17-440E-52028CDB9B04}.Release|Any CPU.Build.0 = Release|Any CPU
		{3C6AEA14-9503-901E-9EB5-2E81922054F5}.Debug|Any CPU.ActiveCfg = Debug|Any CPU
		{3C6AEA14-9503-901E-9EB5-2E81922054F5}.Debug|Any CPU.Build.0 = Debug|Any CPU
		{3C6AEA14-9503-901E-9EB5-2E81922054F5}.Release|Any CPU.ActiveCfg = Release|Any CPU
		{3C6AEA14-9503-901E-9EB5-2E81922054F5}.Release|Any CPU.Build.0 = Release|Any CPU
		{455F09CD-5448-B03F-5A2D-57C7A477E88E}.Debug|Any CPU.ActiveCfg = Debug|Any CPU
		{455F09CD-5448-B03F-5A2D-57C7A477E88E}.Debug|Any CPU.Build.0 = Debug|Any CPU
		{455F09CD-5448-B03F-5A2D-57C7A477E88E}.Release|Any CPU.ActiveCfg = Release|Any CPU
		{455F09CD-5448-B03F-5A2D-57C7A477E88E}.Release|Any CPU.Build.0 = Release|Any CPU
		{1A8D98CE-9C04-4DC9-93DA-089CF627E525}.Debug|Any CPU.ActiveCfg = Debug|Any CPU
		{1A8D98CE-9C04-4DC9-93DA-089CF627E525}.Debug|Any CPU.Build.0 = Debug|Any CPU
		{1A8D98CE-9C04-4DC9-93DA-089CF627E525}.Release|Any CPU.ActiveCfg = Release|Any CPU
		{1A8D98CE-9C04-4DC9-93DA-089CF627E525}.Release|Any CPU.Build.0 = Release|Any CPU
		{2D600D83-D4E5-E76B-A0DA-F6A5A4147A8B}.Debug|Any CPU.ActiveCfg = Debug|Any CPU
		{2D600D83-D4E5-E76B-A0DA-F6A5A4147A8B}.Debug|Any CPU.Build.0 = Debug|Any CPU
		{2D600D83-D4E5-E76B-A0DA-F6A5A4147A8B}.Release|Any CPU.ActiveCfg = Release|Any CPU
		{2D600D83-D4E5-E76B-A0DA-F6A5A4147A8B}.Release|Any CPU.Build.0 = Release|Any CPU
		{7DE0F2C0-7151-9811-BD77-E344BE7529AE}.Debug|Any CPU.ActiveCfg = Debug|Any CPU
		{7DE0F2C0-7151-9811-BD77-E344BE7529AE}.Debug|Any CPU.Build.0 = Debug|Any CPU
		{7DE0F2C0-7151-9811-BD77-E344BE7529AE}.Release|Any CPU.ActiveCfg = Release|Any CPU
		{7DE0F2C0-7151-9811-BD77-E344BE7529AE}.Release|Any CPU.Build.0 = Release|Any CPU
		{9EDB3139-F133-B872-758F-DC8E73D4D3A7}.Debug|Any CPU.ActiveCfg = Debug|Any CPU
		{9EDB3139-F133-B872-758F-DC8E73D4D3A7}.Debug|Any CPU.Build.0 = Debug|Any CPU
		{9EDB3139-F133-B872-758F-DC8E73D4D3A7}.Release|Any CPU.ActiveCfg = Release|Any CPU
		{9EDB3139-F133-B872-758F-DC8E73D4D3A7}.Release|Any CPU.Build.0 = Release|Any CPU
		{E1420A03-1FB1-E095-53F0-B703DBB63E56}.Debug|Any CPU.ActiveCfg = Debug|Any CPU
		{E1420A03-1FB1-E095-53F0-B703DBB63E56}.Debug|Any CPU.Build.0 = Debug|Any CPU
		{E1420A03-1FB1-E095-53F0-B703DBB63E56}.Release|Any CPU.ActiveCfg = Release|Any CPU
		{E1420A03-1FB1-E095-53F0-B703DBB63E56}.Release|Any CPU.Build.0 = Release|Any CPU
		{0B2FBB64-6E45-1E21-0289-AE681ADB2161}.Debug|Any CPU.ActiveCfg = Debug|Any CPU
		{0B2FBB64-6E45-1E21-0289-AE681ADB2161}.Debug|Any CPU.Build.0 = Debug|Any CPU
		{0B2FBB64-6E45-1E21-0289-AE681ADB2161}.Release|Any CPU.ActiveCfg = Release|Any CPU
		{0B2FBB64-6E45-1E21-0289-AE681ADB2161}.Release|Any CPU.Build.0 = Release|Any CPU
		{C5753CA1-34F9-93A0-29B2-DF52C6931D4E}.Debug|Any CPU.ActiveCfg = Debug|Any CPU
		{C5753CA1-34F9-93A0-29B2-DF52C6931D4E}.Debug|Any CPU.Build.0 = Debug|Any CPU
		{C5753CA1-34F9-93A0-29B2-DF52C6931D4E}.Release|Any CPU.ActiveCfg = Release|Any CPU
		{C5753CA1-34F9-93A0-29B2-DF52C6931D4E}.Release|Any CPU.Build.0 = Release|Any CPU
		{D5F2EFE3-9679-D77D-9E1A-F9BF6B6630A0}.Debug|Any CPU.ActiveCfg = Debug|Any CPU
		{D5F2EFE3-9679-D77D-9E1A-F9BF6B6630A0}.Debug|Any CPU.Build.0 = Debug|Any CPU
		{D5F2EFE3-9679-D77D-9E1A-F9BF6B6630A0}.Release|Any CPU.ActiveCfg = Release|Any CPU
		{D5F2EFE3-9679-D77D-9E1A-F9BF6B6630A0}.Release|Any CPU.Build.0 = Release|Any CPU
		{40B2E23D-37C5-5DFD-51E9-A38A21E245CC}.Debug|Any CPU.ActiveCfg = Debug|Any CPU
		{40B2E23D-37C5-5DFD-51E9-A38A21E245CC}.Debug|Any CPU.Build.0 = Debug|Any CPU
		{40B2E23D-37C5-5DFD-51E9-A38A21E245CC}.Release|Any CPU.ActiveCfg = Release|Any CPU
		{40B2E23D-37C5-5DFD-51E9-A38A21E245CC}.Release|Any CPU.Build.0 = Release|Any CPU
		{DB1A2A36-A036-CB22-F091-6C610F616004}.Debug|Any CPU.ActiveCfg = Debug|Any CPU
		{DB1A2A36-A036-CB22-F091-6C610F616004}.Debug|Any CPU.Build.0 = Debug|Any CPU
		{DB1A2A36-A036-CB22-F091-6C610F616004}.Release|Any CPU.ActiveCfg = Release|Any CPU
		{DB1A2A36-A036-CB22-F091-6C610F616004}.Release|Any CPU.Build.0 = Release|Any CPU
		{1EA9D5C7-C8FC-C66F-6A49-BB3AF4CDC501}.Debug|Any CPU.ActiveCfg = Debug|Any CPU
		{1EA9D5C7-C8FC-C66F-6A49-BB3AF4CDC501}.Debug|Any CPU.Build.0 = Debug|Any CPU
		{1EA9D5C7-C8FC-C66F-6A49-BB3AF4CDC501}.Release|Any CPU.ActiveCfg = Release|Any CPU
		{1EA9D5C7-C8FC-C66F-6A49-BB3AF4CDC501}.Release|Any CPU.Build.0 = Release|Any CPU
		{D114BFCC-1371-7F5B-F3F8-0106A3FC7B04}.Debug|Any CPU.ActiveCfg = Debug|Any CPU
		{D114BFCC-1371-7F5B-F3F8-0106A3FC7B04}.Debug|Any CPU.Build.0 = Debug|Any CPU
		{D114BFCC-1371-7F5B-F3F8-0106A3FC7B04}.Release|Any CPU.ActiveCfg = Release|Any CPU
		{D114BFCC-1371-7F5B-F3F8-0106A3FC7B04}.Release|Any CPU.Build.0 = Release|Any CPU
		{B9F6613E-448F-F269-9642-56BAB41DFDA1}.Debug|Any CPU.ActiveCfg = Debug|Any CPU
		{B9F6613E-448F-F269-9642-56BAB41DFDA1}.Debug|Any CPU.Build.0 = Debug|Any CPU
		{B9F6613E-448F-F269-9642-56BAB41DFDA1}.Release|Any CPU.ActiveCfg = Release|Any CPU
		{B9F6613E-448F-F269-9642-56BAB41DFDA1}.Release|Any CPU.Build.0 = Release|Any CPU
	EndGlobalSection
	GlobalSection(SolutionProperties) = preSolution
		HideSolutionNode = FALSE
	EndGlobalSection
EndGlobal
